// !$*UTF8*$!
{
	archiveVersion = 1;
	classes = {
	};
	objectVersion = 50;
	objects = {

/* Begin PBXBuildFile section */
		211D4845257BB31900895CFE /* program.cpp in Sources */ = {isa = PBXBuildFile; fileRef = 211D4844257BB31900895CFE /* program.cpp */; };
		211D484E257BD13100895CFE /* option.cpp in Sources */ = {isa = PBXBuildFile; fileRef = 211D484C257BD13100895CFE /* option.cpp */; };
		211D4852257BD66400895CFE /* argument.cpp in Sources */ = {isa = PBXBuildFile; fileRef = 211D4851257BD66400895CFE /* argument.cpp */; };
		211D4859257BE46A00895CFE /* arguments.cpp in Sources */ = {isa = PBXBuildFile; fileRef = 211D4858257BE46A00895CFE /* arguments.cpp */; };
		21352E2125768FA7007E05A4 /* hexdump.cpp in Sources */ = {isa = PBXBuildFile; fileRef = 21352E2025768FA7007E05A4 /* hexdump.cpp */; };
		21403C0C255EFF060022389D /* file.cpp in Sources */ = {isa = PBXBuildFile; fileRef = 21403C0B255EFF060022389D /* file.cpp */; };
		21403C10255F02C80022389D /* string_func.cpp in Sources */ = {isa = PBXBuildFile; fileRef = 21403C0F255F02C80022389D /* string_func.cpp */; };
		2151DF46256989AC009FC0E0 /* file.cpp in Sources */ = {isa = PBXBuildFile; fileRef = 2151DF45256989AC009FC0E0 /* file.cpp */; };
		2151DF4C256A4B40009FC0E0 /* sector.cpp in Sources */ = {isa = PBXBuildFile; fileRef = 2151DF4B256A4B40009FC0E0 /* sector.cpp */; };
		21641A81258E2C490062AD50 /* device_unix.cpp in Sources */ = {isa = PBXBuildFile; fileRef = 21641A80258E2C490062AD50 /* device_unix.cpp */; };
		21641A84258EF8240062AD50 /* image.cpp in Sources */ = {isa = PBXBuildFile; fileRef = 21641A83258EF8240062AD50 /* image.cpp */; };
		2193147926C580CD00310C6D /* plugins.cpp in Sources */ = {isa = PBXBuildFile; fileRef = 2193146F26C580CD00310C6D /* plugins.cpp */; };
		2193147A26C580CD00310C6D /* plugin.h in Headers */ = {isa = PBXBuildFile; fileRef = 2193147026C580CD00310C6D /* plugin.h */; };
		2193147B26C580CD00310C6D /* loader.h in Headers */ = {isa = PBXBuildFile; fileRef = 2193147126C580CD00310C6D /* loader.h */; };
		2193147C26C580CD00310C6D /* plugin.cpp in Sources */ = {isa = PBXBuildFile; fileRef = 2193147226C580CD00310C6D /* plugin.cpp */; };
		2193147D26C580CD00310C6D /* func.cpp in Sources */ = {isa = PBXBuildFile; fileRef = 2193147326C580CD00310C6D /* func.cpp */; };
		2193147E26C580CD00310C6D /* loader.cpp in Sources */ = {isa = PBXBuildFile; fileRef = 2193147426C580CD00310C6D /* loader.cpp */; };
		2193148726C5818300310C6D /* d88_loader.cpp in Sources */ = {isa = PBXBuildFile; fileRef = 2193148326C5818200310C6D /* d88_loader.cpp */; };
		2193148826C5818300310C6D /* d88.h in Headers */ = {isa = PBXBuildFile; fileRef = 2193148426C5818300310C6D /* d88.h */; };
		2193148926C5818300310C6D /* d88_exporter.cpp in Sources */ = {isa = PBXBuildFile; fileRef = 2193148526C5818300310C6D /* d88_exporter.cpp */; };
		2193148A26C5818300310C6D /* d88.cpp in Sources */ = {isa = PBXBuildFile; fileRef = 2193148626C5818300310C6D /* d88.cpp */; };
		2193149026C581A600310C6D /* raw_exporter.cpp in Sources */ = {isa = PBXBuildFile; fileRef = 2193148C26C581A600310C6D /* raw_exporter.cpp */; };
		2193149126C581A600310C6D /* raw_loader.cpp in Sources */ = {isa = PBXBuildFile; fileRef = 2193148D26C581A600310C6D /* raw_loader.cpp */; };
		2193149226C581A600310C6D /* raw.cpp in Sources */ = {isa = PBXBuildFile; fileRef = 2193148E26C581A600310C6D /* raw.cpp */; };
		2193149326C581A600310C6D /* raw.h in Headers */ = {isa = PBXBuildFile; fileRef = 2193148F26C581A600310C6D /* raw.h */; };
		2193149826C581DC00310C6D /* hfe.cpp in Sources */ = {isa = PBXBuildFile; fileRef = 2193149526C581DC00310C6D /* hfe.cpp */; };
		2193149926C581DC00310C6D /* hfe.h in Headers */ = {isa = PBXBuildFile; fileRef = 2193149626C581DC00310C6D /* hfe.h */; };
		2193149A26C581DC00310C6D /* hfe_loader.cpp in Sources */ = {isa = PBXBuildFile; fileRef = 2193149726C581DC00310C6D /* hfe_loader.cpp */; };
		219F7D4A255FC8B000827D5C /* config.cpp in Sources */ = {isa = PBXBuildFile; fileRef = 219F7D48255FC8B000827D5C /* config.cpp */; };
		21A5125026CE6B1100ABF41E /* hfe_exporter.cpp in Sources */ = {isa = PBXBuildFile; fileRef = 21A5124F26CE6B1100ABF41E /* hfe_exporter.cpp */; };
		21B0912125865DB800036CC5 /* device_linux.cpp in Sources */ = {isa = PBXBuildFile; fileRef = 21B0911F25865DB800036CC5 /* device_linux.cpp */; };
		21B0AB40259F7F7C00B064A3 /* floppy.cpp in Sources */ = {isa = PBXBuildFile; fileRef = 21B0AB3E259F7F7B00B064A3 /* floppy.cpp */; };
		21B0AB4625A0ED1F00B064A3 /* density.cpp in Sources */ = {isa = PBXBuildFile; fileRef = 21B0AB4525A0ED1F00B064A3 /* density.cpp */; };
		21B0AB4925A0EE6F00B064A3 /* struct.cpp in Sources */ = {isa = PBXBuildFile; fileRef = 21B0AB4825A0EE6F00B064A3 /* struct.cpp */; };
		21C2E0C7257299DF00305F1A /* error.cpp in Sources */ = {isa = PBXBuildFile; fileRef = 21C2E0C6257299DF00305F1A /* error.cpp */; };
		21C6A1B926C6914F002C9EF8 /* floppy_linux.cpp in Sources */ = {isa = PBXBuildFile; fileRef = 21C6A1B826C6914F002C9EF8 /* floppy_linux.cpp */; };
		21DC2017257B5656004F3363 /* device.cpp in Sources */ = {isa = PBXBuildFile; fileRef = 21DC2016257B5656004F3363 /* device.cpp */; };
		21DC2020257B9EEA004F3363 /* dictionary.cpp in Sources */ = {isa = PBXBuildFile; fileRef = 21DC201F257B9EEA004F3363 /* dictionary.cpp */; };
		21DC2023257BA110004F3363 /* element.cpp in Sources */ = {isa = PBXBuildFile; fileRef = 21DC2022257BA110004F3363 /* element.cpp */; };
		21E15B02256A70D200029338 /* sectors.cpp in Sources */ = {isa = PBXBuildFile; fileRef = 21E15B01256A70D200029338 /* sectors.cpp */; };
		21E15B05256A742700029338 /* list.cpp in Sources */ = {isa = PBXBuildFile; fileRef = 21E15B04256A742700029338 /* list.cpp */; };
		21E15B08256A955A00029338 /* image.cpp in Sources */ = {isa = PBXBuildFile; fileRef = 21E15B07256A955A00029338 /* image.cpp */; };
		21E15B0C256BB09100029338 /* string.cpp in Sources */ = {isa = PBXBuildFile; fileRef = 21E15B0B256BB09100029338 /* string.cpp */; };
/* End PBXBuildFile section */

/* Begin PBXFileReference section */
		211D4844257BB31900895CFE /* program.cpp */ = {isa = PBXFileReference; fileEncoding = 4; lastKnownFileType = sourcecode.cpp.cpp; name = program.cpp; path = ../../../src/fdtools/util/program.cpp; sourceTree = "<group>"; };
		211D484C257BD13100895CFE /* option.cpp */ = {isa = PBXFileReference; fileEncoding = 4; lastKnownFileType = sourcecode.cpp.cpp; name = option.cpp; path = ../../../src/fdtools/util/option.cpp; sourceTree = "<group>"; };
		211D4851257BD66400895CFE /* argument.cpp */ = {isa = PBXFileReference; fileEncoding = 4; lastKnownFileType = sourcecode.cpp.cpp; name = argument.cpp; path = ../../../src/fdtools/util/argument.cpp; sourceTree = "<group>"; };
		211D4858257BE46A00895CFE /* arguments.cpp */ = {isa = PBXFileReference; fileEncoding = 4; lastKnownFileType = sourcecode.cpp.cpp; name = arguments.cpp; path = ../../../src/fdtools/util/arguments.cpp; sourceTree = "<group>"; };
		21352E2025768FA7007E05A4 /* hexdump.cpp */ = {isa = PBXFileReference; fileEncoding = 4; lastKnownFileType = sourcecode.cpp.cpp; name = hexdump.cpp; path = ../../../src/fdtools/util/hexdump.cpp; sourceTree = "<group>"; };
		213AA829255DB05700C00188 /* libfdtools.a */ = {isa = PBXFileReference; explicitFileType = archive.ar; includeInIndex = 0; path = libfdtools.a; sourceTree = BUILT_PRODUCTS_DIR; };
		21403C0B255EFF060022389D /* file.cpp */ = {isa = PBXFileReference; fileEncoding = 4; lastKnownFileType = sourcecode.cpp.cpp; name = file.cpp; path = ../../../src/fdtools/img/file.cpp; sourceTree = "<group>"; };
		21403C0F255F02C80022389D /* string_func.cpp */ = {isa = PBXFileReference; fileEncoding = 4; lastKnownFileType = sourcecode.cpp.cpp; name = string_func.cpp; path = ../../../src/fdtools/util/string_func.cpp; sourceTree = "<group>"; };
		2151DF45256989AC009FC0E0 /* file.cpp */ = {isa = PBXFileReference; fileEncoding = 4; lastKnownFileType = sourcecode.cpp.cpp; name = file.cpp; path = ../../../src/fdtools/util/file.cpp; sourceTree = "<group>"; };
		2151DF4B256A4B40009FC0E0 /* sector.cpp */ = {isa = PBXFileReference; fileEncoding = 4; lastKnownFileType = sourcecode.cpp.cpp; name = sector.cpp; path = ../../../src/fdtools/img/sector.cpp; sourceTree = "<group>"; };
		21641A80258E2C490062AD50 /* device_unix.cpp */ = {isa = PBXFileReference; fileEncoding = 4; lastKnownFileType = sourcecode.cpp.cpp; name = device_unix.cpp; path = ../../../src/fdtools/dev/device_unix.cpp; sourceTree = "<group>"; };
		21641A83258EF8240062AD50 /* image.cpp */ = {isa = PBXFileReference; fileEncoding = 4; lastKnownFileType = sourcecode.cpp.cpp; name = image.cpp; path = ../../../src/fdtools/dev/image.cpp; sourceTree = "<group>"; };
		216F3666255DB161004507DF /* fdtools */ = {isa = PBXFileReference; lastKnownFileType = folder; name = fdtools; path = ../../../include/fdtools; sourceTree = "<group>"; };
		2193146F26C580CD00310C6D /* plugins.cpp */ = {isa = PBXFileReference; fileEncoding = 4; lastKnownFileType = sourcecode.cpp.cpp; name = plugins.cpp; path = ../../../src/fdtools/plugins/plugins.cpp; sourceTree = "<group>"; };
		2193147026C580CD00310C6D /* plugin.h */ = {isa = PBXFileReference; fileEncoding = 4; lastKnownFileType = sourcecode.c.h; name = plugin.h; path = ../../../src/fdtools/plugins/plugin.h; sourceTree = "<group>"; };
		2193147126C580CD00310C6D /* loader.h */ = {isa = PBXFileReference; fileEncoding = 4; lastKnownFileType = sourcecode.c.h; name = loader.h; path = ../../../src/fdtools/plugins/loader.h; sourceTree = "<group>"; };
		2193147226C580CD00310C6D /* plugin.cpp */ = {isa = PBXFileReference; fileEncoding = 4; lastKnownFileType = sourcecode.cpp.cpp; name = plugin.cpp; path = ../../../src/fdtools/plugins/plugin.cpp; sourceTree = "<group>"; };
		2193147326C580CD00310C6D /* func.cpp */ = {isa = PBXFileReference; fileEncoding = 4; lastKnownFileType = sourcecode.cpp.cpp; name = func.cpp; path = ../../../src/fdtools/plugins/func.cpp; sourceTree = "<group>"; };
		2193147426C580CD00310C6D /* loader.cpp */ = {isa = PBXFileReference; fileEncoding = 4; lastKnownFileType = sourcecode.cpp.cpp; name = loader.cpp; path = ../../../src/fdtools/plugins/loader.cpp; sourceTree = "<group>"; };
		2193148326C5818200310C6D /* d88_loader.cpp */ = {isa = PBXFileReference; fileEncoding = 4; lastKnownFileType = sourcecode.cpp.cpp; name = d88_loader.cpp; path = ../../../src/fdtools/plugins/d88/d88_loader.cpp; sourceTree = "<group>"; };
		2193148426C5818300310C6D /* d88.h */ = {isa = PBXFileReference; fileEncoding = 4; lastKnownFileType = sourcecode.c.h; name = d88.h; path = ../../../src/fdtools/plugins/d88/d88.h; sourceTree = "<group>"; };
		2193148526C5818300310C6D /* d88_exporter.cpp */ = {isa = PBXFileReference; fileEncoding = 4; lastKnownFileType = sourcecode.cpp.cpp; name = d88_exporter.cpp; path = ../../../src/fdtools/plugins/d88/d88_exporter.cpp; sourceTree = "<group>"; };
		2193148626C5818300310C6D /* d88.cpp */ = {isa = PBXFileReference; fileEncoding = 4; lastKnownFileType = sourcecode.cpp.cpp; name = d88.cpp; path = ../../../src/fdtools/plugins/d88/d88.cpp; sourceTree = "<group>"; };
		2193148C26C581A600310C6D /* raw_exporter.cpp */ = {isa = PBXFileReference; fileEncoding = 4; lastKnownFileType = sourcecode.cpp.cpp; name = raw_exporter.cpp; path = ../../../src/fdtools/plugins/raw/raw_exporter.cpp; sourceTree = "<group>"; };
		2193148D26C581A600310C6D /* raw_loader.cpp */ = {isa = PBXFileReference; fileEncoding = 4; lastKnownFileType = sourcecode.cpp.cpp; name = raw_loader.cpp; path = ../../../src/fdtools/plugins/raw/raw_loader.cpp; sourceTree = "<group>"; };
		2193148E26C581A600310C6D /* raw.cpp */ = {isa = PBXFileReference; fileEncoding = 4; lastKnownFileType = sourcecode.cpp.cpp; name = raw.cpp; path = ../../../src/fdtools/plugins/raw/raw.cpp; sourceTree = "<group>"; };
		2193148F26C581A600310C6D /* raw.h */ = {isa = PBXFileReference; fileEncoding = 4; lastKnownFileType = sourcecode.c.h; name = raw.h; path = ../../../src/fdtools/plugins/raw/raw.h; sourceTree = "<group>"; };
		2193149526C581DC00310C6D /* hfe.cpp */ = {isa = PBXFileReference; fileEncoding = 4; lastKnownFileType = sourcecode.cpp.cpp; name = hfe.cpp; path = ../../../src/fdtools/plugins/hfe/hfe.cpp; sourceTree = "<group>"; };
		2193149626C581DC00310C6D /* hfe.h */ = {isa = PBXFileReference; fileEncoding = 4; lastKnownFileType = sourcecode.c.h; name = hfe.h; path = ../../../src/fdtools/plugins/hfe/hfe.h; sourceTree = "<group>"; };
		2193149726C581DC00310C6D /* hfe_loader.cpp */ = {isa = PBXFileReference; fileEncoding = 4; lastKnownFileType = sourcecode.cpp.cpp; name = hfe_loader.cpp; path = ../../../src/fdtools/plugins/hfe/hfe_loader.cpp; sourceTree = "<group>"; };
		219F7D48255FC8B000827D5C /* config.cpp */ = {isa = PBXFileReference; fileEncoding = 4; lastKnownFileType = sourcecode.cpp.cpp; name = config.cpp; path = ../../../src/fdtools/img/config.cpp; sourceTree = "<group>"; };
		21A5124F26CE6B1100ABF41E /* hfe_exporter.cpp */ = {isa = PBXFileReference; fileEncoding = 4; lastKnownFileType = sourcecode.cpp.cpp; name = hfe_exporter.cpp; path = ../../../src/fdtools/plugins/hfe/hfe_exporter.cpp; sourceTree = "<group>"; };
		21B0911F25865DB800036CC5 /* device_linux.cpp */ = {isa = PBXFileReference; fileEncoding = 4; lastKnownFileType = sourcecode.cpp.cpp; name = device_linux.cpp; path = ../../../src/fdtools/dev/device_linux.cpp; sourceTree = "<group>"; };
		21B0AB3E259F7F7B00B064A3 /* floppy.cpp */ = {isa = PBXFileReference; fileEncoding = 4; lastKnownFileType = sourcecode.cpp.cpp; name = floppy.cpp; path = ../../../src/fdtools/dev/floppy.cpp; sourceTree = "<group>"; };
		21B0AB4525A0ED1F00B064A3 /* density.cpp */ = {isa = PBXFileReference; fileEncoding = 4; lastKnownFileType = sourcecode.cpp.cpp; name = density.cpp; path = ../../../src/fdtools/img/density.cpp; sourceTree = "<group>"; };
		21B0AB4825A0EE6F00B064A3 /* struct.cpp */ = {isa = PBXFileReference; fileEncoding = 4; lastKnownFileType = sourcecode.cpp.cpp; name = struct.cpp; path = ../../../src/fdtools/util/struct.cpp; sourceTree = "<group>"; };
		21C2E0C6257299DF00305F1A /* error.cpp */ = {isa = PBXFileReference; fileEncoding = 4; lastKnownFileType = sourcecode.cpp.cpp; name = error.cpp; path = ../../../src/fdtools/error.cpp; sourceTree = "<group>"; };
		21C6A1B826C6914F002C9EF8 /* floppy_linux.cpp */ = {isa = PBXFileReference; fileEncoding = 4; lastKnownFileType = sourcecode.cpp.cpp; name = floppy_linux.cpp; path = ../../../src/fdtools/dev/floppy_linux.cpp; sourceTree = "<group>"; };
		21DC2016257B5656004F3363 /* device.cpp */ = {isa = PBXFileReference; fileEncoding = 4; lastKnownFileType = sourcecode.cpp.cpp; name = device.cpp; path = ../../../src/fdtools/dev/device.cpp; sourceTree = "<group>"; };
		21DC201F257B9EEA004F3363 /* dictionary.cpp */ = {isa = PBXFileReference; fileEncoding = 4; lastKnownFileType = sourcecode.cpp.cpp; name = dictionary.cpp; path = ../../../src/fdtools/util/dictionary.cpp; sourceTree = "<group>"; };
		21DC2022257BA110004F3363 /* element.cpp */ = {isa = PBXFileReference; fileEncoding = 4; lastKnownFileType = sourcecode.cpp.cpp; name = element.cpp; path = ../../../src/fdtools/util/element.cpp; sourceTree = "<group>"; };
		21E15B01256A70D200029338 /* sectors.cpp */ = {isa = PBXFileReference; fileEncoding = 4; lastKnownFileType = sourcecode.cpp.cpp; name = sectors.cpp; path = ../../../src/fdtools/img/sectors.cpp; sourceTree = "<group>"; };
		21E15B04256A742700029338 /* list.cpp */ = {isa = PBXFileReference; fileEncoding = 4; lastKnownFileType = sourcecode.cpp.cpp; name = list.cpp; path = ../../../src/fdtools/util/list.cpp; sourceTree = "<group>"; };
		21E15B07256A955A00029338 /* image.cpp */ = {isa = PBXFileReference; fileEncoding = 4; lastKnownFileType = sourcecode.cpp.cpp; name = image.cpp; path = ../../../src/fdtools/img/image.cpp; sourceTree = "<group>"; };
		21E15B0B256BB09100029338 /* string.cpp */ = {isa = PBXFileReference; fileEncoding = 4; lastKnownFileType = sourcecode.cpp.cpp; name = string.cpp; path = ../../../src/fdtools/util/string.cpp; sourceTree = "<group>"; };
/* End PBXFileReference section */

/* Begin PBXFrameworksBuildPhase section */
		213AA827255DB05700C00188 /* Frameworks */ = {
			isa = PBXFrameworksBuildPhase;
			buildActionMask = 2147483647;
			files = (
			);
			runOnlyForDeploymentPostprocessing = 0;
		};
/* End PBXFrameworksBuildPhase section */

/* Begin PBXGroup section */
		213AA820255DB05700C00188 = {
			isa = PBXGroup;
			children = (
				216F3665255DB14E004507DF /* Headers */,
				216F3667255DB165004507DF /* Sources */,
				213AA82A255DB05700C00188 /* Products */,
			);
			indentWidth = 2;
			sourceTree = "<group>";
			tabWidth = 2;
		};
		213AA82A255DB05700C00188 /* Products */ = {
			isa = PBXGroup;
			children = (
				213AA829255DB05700C00188 /* libfdtools.a */,
			);
			name = Products;
			sourceTree = "<group>";
		};
		21403C0E255F02B00022389D /* util */ = {
			isa = PBXGroup;
			children = (
				21B0AB4825A0EE6F00B064A3 /* struct.cpp */,
				211D4858257BE46A00895CFE /* arguments.cpp */,
				211D4851257BD66400895CFE /* argument.cpp */,
				211D484C257BD13100895CFE /* option.cpp */,
				211D4844257BB31900895CFE /* program.cpp */,
				21DC2022257BA110004F3363 /* element.cpp */,
				21DC201F257B9EEA004F3363 /* dictionary.cpp */,
				21352E2025768FA7007E05A4 /* hexdump.cpp */,
				21E15B0B256BB09100029338 /* string.cpp */,
				21E15B04256A742700029338 /* list.cpp */,
				2151DF45256989AC009FC0E0 /* file.cpp */,
				21403C0F255F02C80022389D /* string_func.cpp */,
			);
			name = util;
			sourceTree = "<group>";
		};
		216F3665255DB14E004507DF /* Headers */ = {
			isa = PBXGroup;
			children = (
				216F3666255DB161004507DF /* fdtools */,
			);
			name = Headers;
			sourceTree = "<group>";
		};
		216F3667255DB165004507DF /* Sources */ = {
			isa = PBXGroup;
			children = (
				21E273BF255DB2D5008AC447 /* fdtools */,
			);
			name = Sources;
			sourceTree = "<group>";
		};
		2193146D26C580A500310C6D /* plugins */ = {
			isa = PBXGroup;
			children = (
				2193149426C581C600310C6D /* hfe */,
				2193148B26C5818D00310C6D /* raw */,
				2193148226C5816200310C6D /* d88 */,
				2193147326C580CD00310C6D /* func.cpp */,
				2193147426C580CD00310C6D /* loader.cpp */,
				2193147126C580CD00310C6D /* loader.h */,
				2193147226C580CD00310C6D /* plugin.cpp */,
				2193147026C580CD00310C6D /* plugin.h */,
				2193146F26C580CD00310C6D /* plugins.cpp */,
			);
			name = plugins;
			sourceTree = "<group>";
		};
		2193148226C5816200310C6D /* d88 */ = {
			isa = PBXGroup;
			children = (
				2193148526C5818300310C6D /* d88_exporter.cpp */,
				2193148326C5818200310C6D /* d88_loader.cpp */,
				2193148626C5818300310C6D /* d88.cpp */,
				2193148426C5818300310C6D /* d88.h */,
			);
			name = d88;
			sourceTree = "<group>";
		};
		2193148B26C5818D00310C6D /* raw */ = {
			isa = PBXGroup;
			children = (
				2193148C26C581A600310C6D /* raw_exporter.cpp */,
				2193148D26C581A600310C6D /* raw_loader.cpp */,
				2193148E26C581A600310C6D /* raw.cpp */,
				2193148F26C581A600310C6D /* raw.h */,
			);
			name = raw;
			sourceTree = "<group>";
		};
		2193149426C581C600310C6D /* hfe */ = {
			isa = PBXGroup;
			children = (
				21A5124F26CE6B1100ABF41E /* hfe_exporter.cpp */,
				2193149726C581DC00310C6D /* hfe_loader.cpp */,
				2193149526C581DC00310C6D /* hfe.cpp */,
				2193149626C581DC00310C6D /* hfe.h */,
			);
			name = hfe;
			sourceTree = "<group>";
		};
		21DC2015257B563B004F3363 /* dev */ = {
			isa = PBXGroup;
			children = (
				21C6A1B826C6914F002C9EF8 /* floppy_linux.cpp */,
				21B0AB3E259F7F7B00B064A3 /* floppy.cpp */,
				21641A83258EF8240062AD50 /* image.cpp */,
				21641A80258E2C490062AD50 /* device_unix.cpp */,
				21B0911F25865DB800036CC5 /* device_linux.cpp */,
				21DC2016257B5656004F3363 /* device.cpp */,
			);
			name = dev;
			sourceTree = "<group>";
		};
		21E273BF255DB2D5008AC447 /* fdtools */ = {
			isa = PBXGroup;
			children = (
				2193146D26C580A500310C6D /* plugins */,
				21DC2015257B563B004F3363 /* dev */,
				21C2E0C6257299DF00305F1A /* error.cpp */,
				21403C0E255F02B00022389D /* util */,
				21E273C1255DB2E2008AC447 /* img */,
			);
			name = fdtools;
			sourceTree = "<group>";
		};
		21E273C1255DB2E2008AC447 /* img */ = {
			isa = PBXGroup;
			children = (
				21B0AB4525A0ED1F00B064A3 /* density.cpp */,
				219F7D48255FC8B000827D5C /* config.cpp */,
				21403C0B255EFF060022389D /* file.cpp */,
				21E15B07256A955A00029338 /* image.cpp */,
				2151DF4B256A4B40009FC0E0 /* sector.cpp */,
				21E15B01256A70D200029338 /* sectors.cpp */,
			);
			name = img;
			sourceTree = "<group>";
		};
/* End PBXGroup section */

/* Begin PBXHeadersBuildPhase section */
		213AA825255DB05700C00188 /* Headers */ = {
			isa = PBXHeadersBuildPhase;
			buildActionMask = 2147483647;
			files = (
				2193149926C581DC00310C6D /* hfe.h in Headers */,
				2193148826C5818300310C6D /* d88.h in Headers */,
				2193149326C581A600310C6D /* raw.h in Headers */,
				2193147A26C580CD00310C6D /* plugin.h in Headers */,
				2193147B26C580CD00310C6D /* loader.h in Headers */,
			);
			runOnlyForDeploymentPostprocessing = 0;
		};
/* End PBXHeadersBuildPhase section */

/* Begin PBXNativeTarget section */
		213AA828255DB05700C00188 /* libfdtools */ = {
			isa = PBXNativeTarget;
			buildConfigurationList = 213AA82D255DB05700C00188 /* Build configuration list for PBXNativeTarget "libfdtools" */;
			buildPhases = (
				213AA825255DB05700C00188 /* Headers */,
				213AA826255DB05700C00188 /* Sources */,
				213AA827255DB05700C00188 /* Frameworks */,
			);
			buildRules = (
			);
			dependencies = (
			);
			name = libfdtools;
			productName = libfdtools;
			productReference = 213AA829255DB05700C00188 /* libfdtools.a */;
			productType = "com.apple.product-type.library.static";
		};
/* End PBXNativeTarget section */

/* Begin PBXProject section */
		213AA821255DB05700C00188 /* Project object */ = {
			isa = PBXProject;
			attributes = {
				LastUpgradeCheck = 1210;
				TargetAttributes = {
					213AA828255DB05700C00188 = {
						CreatedOnToolsVersion = 12.1;
					};
				};
			};
			buildConfigurationList = 213AA824255DB05700C00188 /* Build configuration list for PBXProject "libfdtools" */;
			compatibilityVersion = "Xcode 9.3";
			developmentRegion = en;
			hasScannedForEncodings = 0;
			knownRegions = (
				en,
				Base,
			);
			mainGroup = 213AA820255DB05700C00188;
			productRefGroup = 213AA82A255DB05700C00188 /* Products */;
			projectDirPath = "";
			projectRoot = "";
			targets = (
				213AA828255DB05700C00188 /* libfdtools */,
			);
		};
/* End PBXProject section */

/* Begin PBXSourcesBuildPhase section */
		213AA826255DB05700C00188 /* Sources */ = {
			isa = PBXSourcesBuildPhase;
			buildActionMask = 2147483647;
			files = (
				21403C10255F02C80022389D /* string_func.cpp in Sources */,
				2193149126C581A600310C6D /* raw_loader.cpp in Sources */,
				21A5125026CE6B1100ABF41E /* hfe_exporter.cpp in Sources */,
				2193148926C5818300310C6D /* d88_exporter.cpp in Sources */,
				211D484E257BD13100895CFE /* option.cpp in Sources */,
				2193149026C581A600310C6D /* raw_exporter.cpp in Sources */,
				2193147D26C580CD00310C6D /* func.cpp in Sources */,
				2151DF4C256A4B40009FC0E0 /* sector.cpp in Sources */,
				21E15B0C256BB09100029338 /* string.cpp in Sources */,
				21E15B05256A742700029338 /* list.cpp in Sources */,
				2193149826C581DC00310C6D /* hfe.cpp in Sources */,
				21352E2125768FA7007E05A4 /* hexdump.cpp in Sources */,
				2193148A26C5818300310C6D /* d88.cpp in Sources */,
				21B0912125865DB800036CC5 /* device_linux.cpp in Sources */,
				211D4859257BE46A00895CFE /* arguments.cpp in Sources */,
				21E15B02256A70D200029338 /* sectors.cpp in Sources */,
				21C6A1B926C6914F002C9EF8 /* floppy_linux.cpp in Sources */,
				2193149226C581A600310C6D /* raw.cpp in Sources */,
				211D4852257BD66400895CFE /* argument.cpp in Sources */,
				2193147C26C580CD00310C6D /* plugin.cpp in Sources */,
				21B0AB40259F7F7C00B064A3 /* floppy.cpp in Sources */,
				211D4845257BB31900895CFE /* program.cpp in Sources */,
				2193147E26C580CD00310C6D /* loader.cpp in Sources */,
				21DC2023257BA110004F3363 /* element.cpp in Sources */,
				2193148726C5818300310C6D /* d88_loader.cpp in Sources */,
				2151DF46256989AC009FC0E0 /* file.cpp in Sources */,
				21DC2017257B5656004F3363 /* device.cpp in Sources */,
				219F7D4A255FC8B000827D5C /* config.cpp in Sources */,
				2193147926C580CD00310C6D /* plugins.cpp in Sources */,
				21641A81258E2C490062AD50 /* device_unix.cpp in Sources */,
				2193149A26C581DC00310C6D /* hfe_loader.cpp in Sources */,
				21DC2020257B9EEA004F3363 /* dictionary.cpp in Sources */,
				21E15B08256A955A00029338 /* image.cpp in Sources */,
				21B0AB4925A0EE6F00B064A3 /* struct.cpp in Sources */,
				21B0AB4625A0ED1F00B064A3 /* density.cpp in Sources */,
				21641A84258EF8240062AD50 /* image.cpp in Sources */,
				21403C0C255EFF060022389D /* file.cpp in Sources */,
				21C2E0C7257299DF00305F1A /* error.cpp in Sources */,
			);
			runOnlyForDeploymentPostprocessing = 0;
		};
/* End PBXSourcesBuildPhase section */

/* Begin XCBuildConfiguration section */
		213AA82B255DB05700C00188 /* Debug */ = {
			isa = XCBuildConfiguration;
			buildSettings = {
				ALWAYS_SEARCH_USER_PATHS = NO;
				CLANG_ANALYZER_NONNULL = YES;
				CLANG_ANALYZER_NUMBER_OBJECT_CONVERSION = YES_AGGRESSIVE;
				CLANG_CXX_LANGUAGE_STANDARD = "gnu++14";
				CLANG_CXX_LIBRARY = "libc++";
				CLANG_ENABLE_MODULES = YES;
				CLANG_ENABLE_OBJC_ARC = YES;
				CLANG_ENABLE_OBJC_WEAK = YES;
				CLANG_WARN_BLOCK_CAPTURE_AUTORELEASING = YES;
				CLANG_WARN_BOOL_CONVERSION = YES;
				CLANG_WARN_COMMA = YES;
				CLANG_WARN_CONSTANT_CONVERSION = YES;
				CLANG_WARN_DEPRECATED_OBJC_IMPLEMENTATIONS = YES;
				CLANG_WARN_DIRECT_OBJC_ISA_USAGE = YES_ERROR;
				CLANG_WARN_DOCUMENTATION_COMMENTS = YES;
				CLANG_WARN_EMPTY_BODY = YES;
				CLANG_WARN_ENUM_CONVERSION = YES;
				CLANG_WARN_INFINITE_RECURSION = YES;
				CLANG_WARN_INT_CONVERSION = YES;
				CLANG_WARN_NON_LITERAL_NULL_CONVERSION = YES;
				CLANG_WARN_OBJC_IMPLICIT_RETAIN_SELF = YES;
				CLANG_WARN_OBJC_LITERAL_CONVERSION = YES;
				CLANG_WARN_OBJC_ROOT_CLASS = YES_ERROR;
				CLANG_WARN_QUOTED_INCLUDE_IN_FRAMEWORK_HEADER = YES;
				CLANG_WARN_RANGE_LOOP_ANALYSIS = YES;
				CLANG_WARN_STRICT_PROTOTYPES = YES;
				CLANG_WARN_SUSPICIOUS_MOVE = YES;
				CLANG_WARN_UNGUARDED_AVAILABILITY = YES_AGGRESSIVE;
				CLANG_WARN_UNREACHABLE_CODE = YES;
				CLANG_WARN__DUPLICATE_METHOD_MATCH = YES;
				COPY_PHASE_STRIP = NO;
				DEBUG_INFORMATION_FORMAT = dwarf;
				ENABLE_STRICT_OBJC_MSGSEND = YES;
				ENABLE_TESTABILITY = YES;
				GCC_C_LANGUAGE_STANDARD = gnu11;
				GCC_DYNAMIC_NO_PIC = NO;
				GCC_NO_COMMON_BLOCKS = YES;
				GCC_OPTIMIZATION_LEVEL = 0;
				GCC_PREPROCESSOR_DEFINITIONS = (
					"DEBUG=1",
					"$(inherited)",
				);
				GCC_WARN_64_TO_32_BIT_CONVERSION = YES;
				GCC_WARN_ABOUT_RETURN_TYPE = YES_ERROR;
				GCC_WARN_UNDECLARED_SELECTOR = YES;
				GCC_WARN_UNINITIALIZED_AUTOS = YES_AGGRESSIVE;
				GCC_WARN_UNUSED_FUNCTION = YES;
				GCC_WARN_UNUSED_VARIABLE = YES;
				HEADER_SEARCH_PATHS = (
					/usr/local/include,
					../../../include,
					../../../src,
				);
				LIBRARY_SEARCH_PATHS = /usr/local/lib;
				MACOSX_DEPLOYMENT_TARGET = 10.15;
				MTL_ENABLE_DEBUG_INFO = INCLUDE_SOURCE;
				MTL_FAST_MATH = YES;
				ONLY_ACTIVE_ARCH = YES;
				SDKROOT = macosx;
			};
			name = Debug;
		};
		213AA82C255DB05700C00188 /* Release */ = {
			isa = XCBuildConfiguration;
			buildSettings = {
				ALWAYS_SEARCH_USER_PATHS = NO;
				CLANG_ANALYZER_NONNULL = YES;
				CLANG_ANALYZER_NUMBER_OBJECT_CONVERSION = YES_AGGRESSIVE;
				CLANG_CXX_LANGUAGE_STANDARD = "gnu++14";
				CLANG_CXX_LIBRARY = "libc++";
				CLANG_ENABLE_MODULES = YES;
				CLANG_ENABLE_OBJC_ARC = YES;
				CLANG_ENABLE_OBJC_WEAK = YES;
				CLANG_WARN_BLOCK_CAPTURE_AUTORELEASING = YES;
				CLANG_WARN_BOOL_CONVERSION = YES;
				CLANG_WARN_COMMA = YES;
				CLANG_WARN_CONSTANT_CONVERSION = YES;
				CLANG_WARN_DEPRECATED_OBJC_IMPLEMENTATIONS = YES;
				CLANG_WARN_DIRECT_OBJC_ISA_USAGE = YES_ERROR;
				CLANG_WARN_DOCUMENTATION_COMMENTS = YES;
				CLANG_WARN_EMPTY_BODY = YES;
				CLANG_WARN_ENUM_CONVERSION = YES;
				CLANG_WARN_INFINITE_RECURSION = YES;
				CLANG_WARN_INT_CONVERSION = YES;
				CLANG_WARN_NON_LITERAL_NULL_CONVERSION = YES;
				CLANG_WARN_OBJC_IMPLICIT_RETAIN_SELF = YES;
				CLANG_WARN_OBJC_LITERAL_CONVERSION = YES;
				CLANG_WARN_OBJC_ROOT_CLASS = YES_ERROR;
				CLANG_WARN_QUOTED_INCLUDE_IN_FRAMEWORK_HEADER = YES;
				CLANG_WARN_RANGE_LOOP_ANALYSIS = YES;
				CLANG_WARN_STRICT_PROTOTYPES = YES;
				CLANG_WARN_SUSPICIOUS_MOVE = YES;
				CLANG_WARN_UNGUARDED_AVAILABILITY = YES_AGGRESSIVE;
				CLANG_WARN_UNREACHABLE_CODE = YES;
				CLANG_WARN__DUPLICATE_METHOD_MATCH = YES;
				COPY_PHASE_STRIP = NO;
				DEBUG_INFORMATION_FORMAT = "dwarf-with-dsym";
				ENABLE_NS_ASSERTIONS = NO;
				ENABLE_STRICT_OBJC_MSGSEND = YES;
				GCC_C_LANGUAGE_STANDARD = gnu11;
				GCC_NO_COMMON_BLOCKS = YES;
				GCC_WARN_64_TO_32_BIT_CONVERSION = YES;
				GCC_WARN_ABOUT_RETURN_TYPE = YES_ERROR;
				GCC_WARN_UNDECLARED_SELECTOR = YES;
				GCC_WARN_UNINITIALIZED_AUTOS = YES_AGGRESSIVE;
				GCC_WARN_UNUSED_FUNCTION = YES;
				GCC_WARN_UNUSED_VARIABLE = YES;
				HEADER_SEARCH_PATHS = (
					/usr/local/include,
					../../../include,
					../../../src,
				);
				LIBRARY_SEARCH_PATHS = /usr/local/lib;
				MACOSX_DEPLOYMENT_TARGET = 10.15;
				MTL_ENABLE_DEBUG_INFO = NO;
				MTL_FAST_MATH = YES;
				SDKROOT = macosx;
			};
			name = Release;
		};
		213AA82E255DB05700C00188 /* Debug */ = {
			isa = XCBuildConfiguration;
			buildSettings = {
				CODE_SIGN_STYLE = Automatic;
				EXECUTABLE_PREFIX = "";
				PRODUCT_NAME = "$(TARGET_NAME)";
				SKIP_INSTALL = YES;
			};
			name = Debug;
		};
		213AA82F255DB05700C00188 /* Release */ = {
			isa = XCBuildConfiguration;
			buildSettings = {
				CODE_SIGN_STYLE = Automatic;
				EXECUTABLE_PREFIX = "";
				PRODUCT_NAME = "$(TARGET_NAME)";
				SKIP_INSTALL = YES;
			};
			name = Release;
		};
/* End XCBuildConfiguration section */

/* Begin XCConfigurationList section */
		213AA824255DB05700C00188 /* Build configuration list for PBXProject "libfdtools" */ = {
			isa = XCConfigurationList;
			buildConfigurations = (
				213AA82B255DB05700C00188 /* Debug */,
				213AA82C255DB05700C00188 /* Release */,
			);
			defaultConfigurationIsVisible = 0;
			defaultConfigurationName = Release;
		};
		213AA82D255DB05700C00188 /* Build configuration list for PBXNativeTarget "libfdtools" */ = {
			isa = XCConfigurationList;
			buildConfigurations = (
				213AA82E255DB05700C00188 /* Debug */,
				213AA82F255DB05700C00188 /* Release */,
			);
			defaultConfigurationIsVisible = 0;
			defaultConfigurationName = Release;
		};
/* End XCConfigurationList section */
	};
	rootObject = 213AA821255DB05700C00188 /* Project object */;
}
