// !$*UTF8*$!
{
	archiveVersion = 1;
	classes = {
	};
	objectVersion = 50;
	objects = {

/* Begin PBXBuildFile section */
		211D4845257BB31900895CFE /* program.cpp in Sources */ = {isa = PBXBuildFile; fileRef = 211D4844257BB31900895CFE /* program.cpp */; };
		211D484E257BD13100895CFE /* program_option.cpp in Sources */ = {isa = PBXBuildFile; fileRef = 211D484C257BD13100895CFE /* program_option.cpp */; };
		211D4852257BD66400895CFE /* argument.cpp in Sources */ = {isa = PBXBuildFile; fileRef = 211D4851257BD66400895CFE /* argument.cpp */; };
		21352E2125768FA7007E05A4 /* hexdump.cpp in Sources */ = {isa = PBXBuildFile; fileRef = 21352E2025768FA7007E05A4 /* hexdump.cpp */; };
		21403C0C255EFF060022389D /* file.cpp in Sources */ = {isa = PBXBuildFile; fileRef = 21403C0B255EFF060022389D /* file.cpp */; };
		21403C10255F02C80022389D /* string_func.cpp in Sources */ = {isa = PBXBuildFile; fileRef = 21403C0F255F02C80022389D /* string_func.cpp */; };
		2151DF46256989AC009FC0E0 /* file.cpp in Sources */ = {isa = PBXBuildFile; fileRef = 2151DF45256989AC009FC0E0 /* file.cpp */; };
		2151DF4C256A4B40009FC0E0 /* sector.cpp in Sources */ = {isa = PBXBuildFile; fileRef = 2151DF4B256A4B40009FC0E0 /* sector.cpp */; };
		219F7D4A255FC8B000827D5C /* config.cpp in Sources */ = {isa = PBXBuildFile; fileRef = 219F7D48255FC8B000827D5C /* config.cpp */; };
		21C2E0C7257299DF00305F1A /* error.cpp in Sources */ = {isa = PBXBuildFile; fileRef = 21C2E0C6257299DF00305F1A /* error.cpp */; };
		21DC2017257B5656004F3363 /* device.cpp in Sources */ = {isa = PBXBuildFile; fileRef = 21DC2016257B5656004F3363 /* device.cpp */; };
		21DC201A257B63E8004F3363 /* device_unix.cpp in Sources */ = {isa = PBXBuildFile; fileRef = 21DC2019257B63E8004F3363 /* device_unix.cpp */; };
		21DC2020257B9EEA004F3363 /* dictionary.cpp in Sources */ = {isa = PBXBuildFile; fileRef = 21DC201F257B9EEA004F3363 /* dictionary.cpp */; };
		21DC2023257BA110004F3363 /* dictionary_elem.cpp in Sources */ = {isa = PBXBuildFile; fileRef = 21DC2022257BA110004F3363 /* dictionary_elem.cpp */; };
		21E15B02256A70D200029338 /* sectors.cpp in Sources */ = {isa = PBXBuildFile; fileRef = 21E15B01256A70D200029338 /* sectors.cpp */; };
		21E15B05256A742700029338 /* list.cpp in Sources */ = {isa = PBXBuildFile; fileRef = 21E15B04256A742700029338 /* list.cpp */; };
		21E15B08256A955A00029338 /* image.cpp in Sources */ = {isa = PBXBuildFile; fileRef = 21E15B07256A955A00029338 /* image.cpp */; };
		21E15B0C256BB09100029338 /* string.cpp in Sources */ = {isa = PBXBuildFile; fileRef = 21E15B0B256BB09100029338 /* string.cpp */; };
		21E15B11256C0AAD00029338 /* d88_exporter.cpp in Sources */ = {isa = PBXBuildFile; fileRef = 21E15B0E256C0AAD00029338 /* d88_exporter.cpp */; };
		21E15B12256C0AAD00029338 /* hfe_loader.cpp in Sources */ = {isa = PBXBuildFile; fileRef = 21E15B0F256C0AAD00029338 /* hfe_loader.cpp */; };
		21E15B13256C0AAD00029338 /* d88_loader.cpp in Sources */ = {isa = PBXBuildFile; fileRef = 21E15B10256C0AAD00029338 /* d88_loader.cpp */; };
		21E15B17256C0AF800029338 /* d88.cpp in Sources */ = {isa = PBXBuildFile; fileRef = 21E15B15256C0AF800029338 /* d88.cpp */; };
		21E15B18256C0AF800029338 /* hfe.cpp in Sources */ = {isa = PBXBuildFile; fileRef = 21E15B16256C0AF800029338 /* hfe.cpp */; };
/* End PBXBuildFile section */

/* Begin PBXFileReference section */
		211D4844257BB31900895CFE /* program.cpp */ = {isa = PBXFileReference; fileEncoding = 4; lastKnownFileType = sourcecode.cpp.cpp; name = program.cpp; path = ../../../src/fdtools/util/program.cpp; sourceTree = "<group>"; };
		211D484C257BD13100895CFE /* program_option.cpp */ = {isa = PBXFileReference; fileEncoding = 4; lastKnownFileType = sourcecode.cpp.cpp; name = program_option.cpp; path = ../../../src/fdtools/util/program_option.cpp; sourceTree = "<group>"; };
		211D4851257BD66400895CFE /* argument.cpp */ = {isa = PBXFileReference; fileEncoding = 4; lastKnownFileType = sourcecode.cpp.cpp; name = argument.cpp; path = ../../../src/fdtools/util/argument.cpp; sourceTree = "<group>"; };
		21352E2025768FA7007E05A4 /* hexdump.cpp */ = {isa = PBXFileReference; fileEncoding = 4; lastKnownFileType = sourcecode.cpp.cpp; name = hexdump.cpp; path = ../../../src/fdtools/util/hexdump.cpp; sourceTree = "<group>"; };
		213AA829255DB05700C00188 /* libfdtools.a */ = {isa = PBXFileReference; explicitFileType = archive.ar; includeInIndex = 0; path = libfdtools.a; sourceTree = BUILT_PRODUCTS_DIR; };
		21403C0B255EFF060022389D /* file.cpp */ = {isa = PBXFileReference; fileEncoding = 4; lastKnownFileType = sourcecode.cpp.cpp; name = file.cpp; path = ../../../src/fdtools/img/file.cpp; sourceTree = "<group>"; };
		21403C0F255F02C80022389D /* string_func.cpp */ = {isa = PBXFileReference; fileEncoding = 4; lastKnownFileType = sourcecode.cpp.cpp; name = string_func.cpp; path = ../../../src/fdtools/util/string_func.cpp; sourceTree = "<group>"; };
		2151DF45256989AC009FC0E0 /* file.cpp */ = {isa = PBXFileReference; fileEncoding = 4; lastKnownFileType = sourcecode.cpp.cpp; name = file.cpp; path = ../../../src/fdtools/util/file.cpp; sourceTree = "<group>"; };
		2151DF4B256A4B40009FC0E0 /* sector.cpp */ = {isa = PBXFileReference; fileEncoding = 4; lastKnownFileType = sourcecode.cpp.cpp; name = sector.cpp; path = ../../../src/fdtools/img/sector.cpp; sourceTree = "<group>"; };
		216F3666255DB161004507DF /* fdtools */ = {isa = PBXFileReference; lastKnownFileType = folder; name = fdtools; path = ../../../include/fdtools; sourceTree = "<group>"; };
		219F7D48255FC8B000827D5C /* config.cpp */ = {isa = PBXFileReference; fileEncoding = 4; lastKnownFileType = sourcecode.cpp.cpp; name = config.cpp; path = ../../../src/fdtools/img/config.cpp; sourceTree = "<group>"; };
		21C2E0C6257299DF00305F1A /* error.cpp */ = {isa = PBXFileReference; fileEncoding = 4; lastKnownFileType = sourcecode.cpp.cpp; name = error.cpp; path = ../../../src/fdtools/error.cpp; sourceTree = "<group>"; };
		21DC2016257B5656004F3363 /* device.cpp */ = {isa = PBXFileReference; fileEncoding = 4; lastKnownFileType = sourcecode.cpp.cpp; name = device.cpp; path = ../../../src/fdtools/dev/device.cpp; sourceTree = "<group>"; };
		21DC2019257B63E8004F3363 /* device_unix.cpp */ = {isa = PBXFileReference; fileEncoding = 4; lastKnownFileType = sourcecode.cpp.cpp; name = device_unix.cpp; path = ../../../src/fdtools/dev/device_unix.cpp; sourceTree = "<group>"; };
		21DC201F257B9EEA004F3363 /* dictionary.cpp */ = {isa = PBXFileReference; fileEncoding = 4; lastKnownFileType = sourcecode.cpp.cpp; name = dictionary.cpp; path = ../../../src/fdtools/util/dictionary.cpp; sourceTree = "<group>"; };
		21DC2022257BA110004F3363 /* dictionary_elem.cpp */ = {isa = PBXFileReference; fileEncoding = 4; lastKnownFileType = sourcecode.cpp.cpp; name = dictionary_elem.cpp; path = ../../../src/fdtools/util/dictionary_elem.cpp; sourceTree = "<group>"; };
		21E15B01256A70D200029338 /* sectors.cpp */ = {isa = PBXFileReference; fileEncoding = 4; lastKnownFileType = sourcecode.cpp.cpp; name = sectors.cpp; path = ../../../src/fdtools/img/sectors.cpp; sourceTree = "<group>"; };
		21E15B04256A742700029338 /* list.cpp */ = {isa = PBXFileReference; fileEncoding = 4; lastKnownFileType = sourcecode.cpp.cpp; name = list.cpp; path = ../../../src/fdtools/util/list.cpp; sourceTree = "<group>"; };
		21E15B07256A955A00029338 /* image.cpp */ = {isa = PBXFileReference; fileEncoding = 4; lastKnownFileType = sourcecode.cpp.cpp; name = image.cpp; path = ../../../src/fdtools/img/image.cpp; sourceTree = "<group>"; };
		21E15B0B256BB09100029338 /* string.cpp */ = {isa = PBXFileReference; fileEncoding = 4; lastKnownFileType = sourcecode.cpp.cpp; name = string.cpp; path = ../../../src/fdtools/util/string.cpp; sourceTree = "<group>"; };
		21E15B0E256C0AAD00029338 /* d88_exporter.cpp */ = {isa = PBXFileReference; fileEncoding = 4; lastKnownFileType = sourcecode.cpp.cpp; name = d88_exporter.cpp; path = ../../../src/fdtools/img/d88_exporter.cpp; sourceTree = "<group>"; };
		21E15B0F256C0AAD00029338 /* hfe_loader.cpp */ = {isa = PBXFileReference; fileEncoding = 4; lastKnownFileType = sourcecode.cpp.cpp; name = hfe_loader.cpp; path = ../../../src/fdtools/img/hfe_loader.cpp; sourceTree = "<group>"; };
		21E15B10256C0AAD00029338 /* d88_loader.cpp */ = {isa = PBXFileReference; fileEncoding = 4; lastKnownFileType = sourcecode.cpp.cpp; name = d88_loader.cpp; path = ../../../src/fdtools/img/d88_loader.cpp; sourceTree = "<group>"; };
		21E15B15256C0AF800029338 /* d88.cpp */ = {isa = PBXFileReference; fileEncoding = 4; lastKnownFileType = sourcecode.cpp.cpp; name = d88.cpp; path = ../../../src/fdtools/img/d88.cpp; sourceTree = "<group>"; };
		21E15B16256C0AF800029338 /* hfe.cpp */ = {isa = PBXFileReference; fileEncoding = 4; lastKnownFileType = sourcecode.cpp.cpp; name = hfe.cpp; path = ../../../src/fdtools/img/hfe.cpp; sourceTree = "<group>"; };
/* End PBXFileReference section */

/* Begin PBXFrameworksBuildPhase section */
		213AA827255DB05700C00188 /* Frameworks */ = {
			isa = PBXFrameworksBuildPhase;
			buildActionMask = 2147483647;
			files = (
			);
			runOnlyForDeploymentPostprocessing = 0;
		};
/* End PBXFrameworksBuildPhase section */

/* Begin PBXGroup section */
		213AA820255DB05700C00188 = {
			isa = PBXGroup;
			children = (
				216F3665255DB14E004507DF /* Headers */,
				216F3667255DB165004507DF /* Sources */,
				213AA82A255DB05700C00188 /* Products */,
			);
			indentWidth = 2;
			sourceTree = "<group>";
			tabWidth = 2;
		};
		213AA82A255DB05700C00188 /* Products */ = {
			isa = PBXGroup;
			children = (
				213AA829255DB05700C00188 /* libfdtools.a */,
			);
			name = Products;
			sourceTree = "<group>";
		};
		21403C0E255F02B00022389D /* util */ = {
			isa = PBXGroup;
			children = (
				211D4851257BD66400895CFE /* argument.cpp */,
				211D484C257BD13100895CFE /* program_option.cpp */,
				211D4844257BB31900895CFE /* program.cpp */,
				21DC2022257BA110004F3363 /* dictionary_elem.cpp */,
				21DC201F257B9EEA004F3363 /* dictionary.cpp */,
				21352E2025768FA7007E05A4 /* hexdump.cpp */,
				21E15B0B256BB09100029338 /* string.cpp */,
				21E15B04256A742700029338 /* list.cpp */,
				2151DF45256989AC009FC0E0 /* file.cpp */,
				21403C0F255F02C80022389D /* string_func.cpp */,
			);
			name = util;
			sourceTree = "<group>";
		};
		216F3665255DB14E004507DF /* Headers */ = {
			isa = PBXGroup;
			children = (
				216F3666255DB161004507DF /* fdtools */,
			);
			name = Headers;
			sourceTree = "<group>";
		};
		216F3667255DB165004507DF /* Sources */ = {
			isa = PBXGroup;
			children = (
				21E273BF255DB2D5008AC447 /* fdtools */,
			);
			name = Sources;
			sourceTree = "<group>";
		};
		21DC2015257B563B004F3363 /* dev */ = {
			isa = PBXGroup;
			children = (
				21DC2019257B63E8004F3363 /* device_unix.cpp */,
				21DC2016257B5656004F3363 /* device.cpp */,
			);
			name = dev;
			sourceTree = "<group>";
		};
		21E273BF255DB2D5008AC447 /* fdtools */ = {
			isa = PBXGroup;
			children = (
				21DC2015257B563B004F3363 /* dev */,
				21C2E0C6257299DF00305F1A /* error.cpp */,
				21403C0E255F02B00022389D /* util */,
				21E273C1255DB2E2008AC447 /* img */,
			);
			name = fdtools;
			sourceTree = "<group>";
		};
		21E273C1255DB2E2008AC447 /* img */ = {
			isa = PBXGroup;
			children = (
				219F7D48255FC8B000827D5C /* config.cpp */,
				21E15B0E256C0AAD00029338 /* d88_exporter.cpp */,
				21E15B10256C0AAD00029338 /* d88_loader.cpp */,
				21E15B15256C0AF800029338 /* d88.cpp */,
				21403C0B255EFF060022389D /* file.cpp */,
				21E15B0F256C0AAD00029338 /* hfe_loader.cpp */,
				21E15B16256C0AF800029338 /* hfe.cpp */,
				21E15B07256A955A00029338 /* image.cpp */,
				2151DF4B256A4B40009FC0E0 /* sector.cpp */,
				21E15B01256A70D200029338 /* sectors.cpp */,
			);
			name = img;
			sourceTree = "<group>";
		};
/* End PBXGroup section */

/* Begin PBXHeadersBuildPhase section */
		213AA825255DB05700C00188 /* Headers */ = {
			isa = PBXHeadersBuildPhase;
			buildActionMask = 2147483647;
			files = (
			);
			runOnlyForDeploymentPostprocessing = 0;
		};
/* End PBXHeadersBuildPhase section */

/* Begin PBXNativeTarget section */
		213AA828255DB05700C00188 /* libfdtools */ = {
			isa = PBXNativeTarget;
			buildConfigurationList = 213AA82D255DB05700C00188 /* Build configuration list for PBXNativeTarget "libfdtools" */;
			buildPhases = (
				213AA825255DB05700C00188 /* Headers */,
				213AA826255DB05700C00188 /* Sources */,
				213AA827255DB05700C00188 /* Frameworks */,
			);
			buildRules = (
			);
			dependencies = (
			);
			name = libfdtools;
			productName = libfdtools;
			productReference = 213AA829255DB05700C00188 /* libfdtools.a */;
			productType = "com.apple.product-type.library.static";
		};
/* End PBXNativeTarget section */

/* Begin PBXProject section */
		213AA821255DB05700C00188 /* Project object */ = {
			isa = PBXProject;
			attributes = {
				LastUpgradeCheck = 1210;
				TargetAttributes = {
					213AA828255DB05700C00188 = {
						CreatedOnToolsVersion = 12.1;
					};
				};
			};
			buildConfigurationList = 213AA824255DB05700C00188 /* Build configuration list for PBXProject "libfdtools" */;
			compatibilityVersion = "Xcode 9.3";
			developmentRegion = en;
			hasScannedForEncodings = 0;
			knownRegions = (
				en,
				Base,
			);
			mainGroup = 213AA820255DB05700C00188;
			productRefGroup = 213AA82A255DB05700C00188 /* Products */;
			projectDirPath = "";
			projectRoot = "";
			targets = (
				213AA828255DB05700C00188 /* libfdtools */,
			);
		};
/* End PBXProject section */

/* Begin PBXSourcesBuildPhase section */
		213AA826255DB05700C00188 /* Sources */ = {
			isa = PBXSourcesBuildPhase;
			buildActionMask = 2147483647;
			files = (
				21403C10255F02C80022389D /* string_func.cpp in Sources */,
				21DC201A257B63E8004F3363 /* device_unix.cpp in Sources */,
				21E15B11256C0AAD00029338 /* d88_exporter.cpp in Sources */,
				21E15B17256C0AF800029338 /* d88.cpp in Sources */,
				211D484E257BD13100895CFE /* program_option.cpp in Sources */,
				2151DF4C256A4B40009FC0E0 /* sector.cpp in Sources */,
				21E15B0C256BB09100029338 /* string.cpp in Sources */,
				21E15B05256A742700029338 /* list.cpp in Sources */,
				21E15B13256C0AAD00029338 /* d88_loader.cpp in Sources */,
				21352E2125768FA7007E05A4 /* hexdump.cpp in Sources */,
				21E15B12256C0AAD00029338 /* hfe_loader.cpp in Sources */,
				21E15B02256A70D200029338 /* sectors.cpp in Sources */,
				211D4852257BD66400895CFE /* argument.cpp in Sources */,
				211D4845257BB31900895CFE /* program.cpp in Sources */,
				21E15B18256C0AF800029338 /* hfe.cpp in Sources */,
				21DC2023257BA110004F3363 /* dictionary_elem.cpp in Sources */,
				2151DF46256989AC009FC0E0 /* file.cpp in Sources */,
				21DC2017257B5656004F3363 /* device.cpp in Sources */,
				219F7D4A255FC8B000827D5C /* config.cpp in Sources */,
				21DC2020257B9EEA004F3363 /* dictionary.cpp in Sources */,
				21E15B08256A955A00029338 /* image.cpp in Sources */,
				21403C0C255EFF060022389D /* file.cpp in Sources */,
				21C2E0C7257299DF00305F1A /* error.cpp in Sources */,
			);
			runOnlyForDeploymentPostprocessing = 0;
		};
/* End PBXSourcesBuildPhase section */

/* Begin XCBuildConfiguration section */
		213AA82B255DB05700C00188 /* Debug */ = {
			isa = XCBuildConfiguration;
			buildSettings = {
				ALWAYS_SEARCH_USER_PATHS = NO;
				CLANG_ANALYZER_NONNULL = YES;
				CLANG_ANALYZER_NUMBER_OBJECT_CONVERSION = YES_AGGRESSIVE;
				CLANG_CXX_LANGUAGE_STANDARD = "gnu++14";
				CLANG_CXX_LIBRARY = "libc++";
				CLANG_ENABLE_MODULES = YES;
				CLANG_ENABLE_OBJC_ARC = YES;
				CLANG_ENABLE_OBJC_WEAK = YES;
				CLANG_WARN_BLOCK_CAPTURE_AUTORELEASING = YES;
				CLANG_WARN_BOOL_CONVERSION = YES;
				CLANG_WARN_COMMA = YES;
				CLANG_WARN_CONSTANT_CONVERSION = YES;
				CLANG_WARN_DEPRECATED_OBJC_IMPLEMENTATIONS = YES;
				CLANG_WARN_DIRECT_OBJC_ISA_USAGE = YES_ERROR;
				CLANG_WARN_DOCUMENTATION_COMMENTS = YES;
				CLANG_WARN_EMPTY_BODY = YES;
				CLANG_WARN_ENUM_CONVERSION = YES;
				CLANG_WARN_INFINITE_RECURSION = YES;
				CLANG_WARN_INT_CONVERSION = YES;
				CLANG_WARN_NON_LITERAL_NULL_CONVERSION = YES;
				CLANG_WARN_OBJC_IMPLICIT_RETAIN_SELF = YES;
				CLANG_WARN_OBJC_LITERAL_CONVERSION = YES;
				CLANG_WARN_OBJC_ROOT_CLASS = YES_ERROR;
				CLANG_WARN_QUOTED_INCLUDE_IN_FRAMEWORK_HEADER = YES;
				CLANG_WARN_RANGE_LOOP_ANALYSIS = YES;
				CLANG_WARN_STRICT_PROTOTYPES = YES;
				CLANG_WARN_SUSPICIOUS_MOVE = YES;
				CLANG_WARN_UNGUARDED_AVAILABILITY = YES_AGGRESSIVE;
				CLANG_WARN_UNREACHABLE_CODE = YES;
				CLANG_WARN__DUPLICATE_METHOD_MATCH = YES;
				COPY_PHASE_STRIP = NO;
				DEBUG_INFORMATION_FORMAT = dwarf;
				ENABLE_STRICT_OBJC_MSGSEND = YES;
				ENABLE_TESTABILITY = YES;
				GCC_C_LANGUAGE_STANDARD = gnu11;
				GCC_DYNAMIC_NO_PIC = NO;
				GCC_NO_COMMON_BLOCKS = YES;
				GCC_OPTIMIZATION_LEVEL = 0;
				GCC_PREPROCESSOR_DEFINITIONS = (
					"DEBUG=1",
					"$(inherited)",
				);
				GCC_WARN_64_TO_32_BIT_CONVERSION = YES;
				GCC_WARN_ABOUT_RETURN_TYPE = YES_ERROR;
				GCC_WARN_UNDECLARED_SELECTOR = YES;
				GCC_WARN_UNINITIALIZED_AUTOS = YES_AGGRESSIVE;
				GCC_WARN_UNUSED_FUNCTION = YES;
				GCC_WARN_UNUSED_VARIABLE = YES;
				HEADER_SEARCH_PATHS = (
					/usr/local/include,
					../../../include,
				);
				LIBRARY_SEARCH_PATHS = /usr/local/lib;
				MACOSX_DEPLOYMENT_TARGET = 10.15;
				MTL_ENABLE_DEBUG_INFO = INCLUDE_SOURCE;
				MTL_FAST_MATH = YES;
				ONLY_ACTIVE_ARCH = YES;
				SDKROOT = macosx;
			};
			name = Debug;
		};
		213AA82C255DB05700C00188 /* Release */ = {
			isa = XCBuildConfiguration;
			buildSettings = {
				ALWAYS_SEARCH_USER_PATHS = NO;
				CLANG_ANALYZER_NONNULL = YES;
				CLANG_ANALYZER_NUMBER_OBJECT_CONVERSION = YES_AGGRESSIVE;
				CLANG_CXX_LANGUAGE_STANDARD = "gnu++14";
				CLANG_CXX_LIBRARY = "libc++";
				CLANG_ENABLE_MODULES = YES;
				CLANG_ENABLE_OBJC_ARC = YES;
				CLANG_ENABLE_OBJC_WEAK = YES;
				CLANG_WARN_BLOCK_CAPTURE_AUTORELEASING = YES;
				CLANG_WARN_BOOL_CONVERSION = YES;
				CLANG_WARN_COMMA = YES;
				CLANG_WARN_CONSTANT_CONVERSION = YES;
				CLANG_WARN_DEPRECATED_OBJC_IMPLEMENTATIONS = YES;
				CLANG_WARN_DIRECT_OBJC_ISA_USAGE = YES_ERROR;
				CLANG_WARN_DOCUMENTATION_COMMENTS = YES;
				CLANG_WARN_EMPTY_BODY = YES;
				CLANG_WARN_ENUM_CONVERSION = YES;
				CLANG_WARN_INFINITE_RECURSION = YES;
				CLANG_WARN_INT_CONVERSION = YES;
				CLANG_WARN_NON_LITERAL_NULL_CONVERSION = YES;
				CLANG_WARN_OBJC_IMPLICIT_RETAIN_SELF = YES;
				CLANG_WARN_OBJC_LITERAL_CONVERSION = YES;
				CLANG_WARN_OBJC_ROOT_CLASS = YES_ERROR;
				CLANG_WARN_QUOTED_INCLUDE_IN_FRAMEWORK_HEADER = YES;
				CLANG_WARN_RANGE_LOOP_ANALYSIS = YES;
				CLANG_WARN_STRICT_PROTOTYPES = YES;
				CLANG_WARN_SUSPICIOUS_MOVE = YES;
				CLANG_WARN_UNGUARDED_AVAILABILITY = YES_AGGRESSIVE;
				CLANG_WARN_UNREACHABLE_CODE = YES;
				CLANG_WARN__DUPLICATE_METHOD_MATCH = YES;
				COPY_PHASE_STRIP = NO;
				DEBUG_INFORMATION_FORMAT = "dwarf-with-dsym";
				ENABLE_NS_ASSERTIONS = NO;
				ENABLE_STRICT_OBJC_MSGSEND = YES;
				GCC_C_LANGUAGE_STANDARD = gnu11;
				GCC_NO_COMMON_BLOCKS = YES;
				GCC_WARN_64_TO_32_BIT_CONVERSION = YES;
				GCC_WARN_ABOUT_RETURN_TYPE = YES_ERROR;
				GCC_WARN_UNDECLARED_SELECTOR = YES;
				GCC_WARN_UNINITIALIZED_AUTOS = YES_AGGRESSIVE;
				GCC_WARN_UNUSED_FUNCTION = YES;
				GCC_WARN_UNUSED_VARIABLE = YES;
				HEADER_SEARCH_PATHS = (
					/usr/local/include,
					../../../include,
				);
				LIBRARY_SEARCH_PATHS = /usr/local/lib;
				MACOSX_DEPLOYMENT_TARGET = 10.15;
				MTL_ENABLE_DEBUG_INFO = NO;
				MTL_FAST_MATH = YES;
				SDKROOT = macosx;
			};
			name = Release;
		};
		213AA82E255DB05700C00188 /* Debug */ = {
			isa = XCBuildConfiguration;
			buildSettings = {
				CODE_SIGN_STYLE = Automatic;
				EXECUTABLE_PREFIX = "";
				PRODUCT_NAME = "$(TARGET_NAME)";
				SKIP_INSTALL = YES;
			};
			name = Debug;
		};
		213AA82F255DB05700C00188 /* Release */ = {
			isa = XCBuildConfiguration;
			buildSettings = {
				CODE_SIGN_STYLE = Automatic;
				EXECUTABLE_PREFIX = "";
				PRODUCT_NAME = "$(TARGET_NAME)";
				SKIP_INSTALL = YES;
			};
			name = Release;
		};
/* End XCBuildConfiguration section */

/* Begin XCConfigurationList section */
		213AA824255DB05700C00188 /* Build configuration list for PBXProject "libfdtools" */ = {
			isa = XCConfigurationList;
			buildConfigurations = (
				213AA82B255DB05700C00188 /* Debug */,
				213AA82C255DB05700C00188 /* Release */,
			);
			defaultConfigurationIsVisible = 0;
			defaultConfigurationName = Release;
		};
		213AA82D255DB05700C00188 /* Build configuration list for PBXNativeTarget "libfdtools" */ = {
			isa = XCConfigurationList;
			buildConfigurations = (
				213AA82E255DB05700C00188 /* Debug */,
				213AA82F255DB05700C00188 /* Release */,
			);
			defaultConfigurationIsVisible = 0;
			defaultConfigurationName = Release;
		};
/* End XCConfigurationList section */
	};
	rootObject = 213AA821255DB05700C00188 /* Project object */;
}
