// !$*UTF8*$!
{
	archiveVersion = 1;
	classes = {
	};
	objectVersion = 50;
	objects = {

/* Begin PBXBuildFile section */
		210D91E02AE8C6CC00E2C004 /* bytes_le.cpp in Sources */ = {isa = PBXBuildFile; fileRef = 210D91DF2AE8C6CC00E2C004 /* bytes_le.cpp */; };
		211D4845257BB31900895CFE /* program.cpp in Sources */ = {isa = PBXBuildFile; fileRef = 211D4844257BB31900895CFE /* program.cpp */; };
		211D484E257BD13100895CFE /* option.cpp in Sources */ = {isa = PBXBuildFile; fileRef = 211D484C257BD13100895CFE /* option.cpp */; };
		211D4852257BD66400895CFE /* argument.cpp in Sources */ = {isa = PBXBuildFile; fileRef = 211D4851257BD66400895CFE /* argument.cpp */; };
		211D4859257BE46A00895CFE /* arguments.cpp in Sources */ = {isa = PBXBuildFile; fileRef = 211D4858257BE46A00895CFE /* arguments.cpp */; };
		21352E2125768FA7007E05A4 /* hexdump.cpp in Sources */ = {isa = PBXBuildFile; fileRef = 21352E2025768FA7007E05A4 /* hexdump.cpp */; };
		21403C0C255EFF060022389D /* file.cpp in Sources */ = {isa = PBXBuildFile; fileRef = 21403C0B255EFF060022389D /* file.cpp */; };
		21403C10255F02C80022389D /* string_func.cpp in Sources */ = {isa = PBXBuildFile; fileRef = 21403C0F255F02C80022389D /* string_func.cpp */; };
		214949022AE8092B002BBAA1 /* sector.cpp in Sources */ = {isa = PBXBuildFile; fileRef = 214949012AE8092B002BBAA1 /* sector.cpp */; };
		214949042AE809DD002BBAA1 /* sector.h in Headers */ = {isa = PBXBuildFile; fileRef = 214949032AE809DD002BBAA1 /* sector.h */; };
		2149FDBA2AE73DD900CA36E6 /* hexdump_diff.cpp in Sources */ = {isa = PBXBuildFile; fileRef = 2149FDB92AE73DD900CA36E6 /* hexdump_diff.cpp */; };
		2149FDBE2AE73FD200CA36E6 /* x68_img.cpp in Sources */ = {isa = PBXBuildFile; fileRef = 2149FDBC2AE73FD200CA36E6 /* x68_img.cpp */; };
		2149FDBF2AE73FD200CA36E6 /* x68.cpp in Sources */ = {isa = PBXBuildFile; fileRef = 2149FDBD2AE73FD200CA36E6 /* x68.cpp */; };
		2151DF46256989AC009FC0E0 /* file.cpp in Sources */ = {isa = PBXBuildFile; fileRef = 2151DF45256989AC009FC0E0 /* file.cpp */; };
		2151DF4C256A4B40009FC0E0 /* sector.cpp in Sources */ = {isa = PBXBuildFile; fileRef = 2151DF4B256A4B40009FC0E0 /* sector.cpp */; };
		21525AF828DB569C006B50B7 /* error.h in Headers */ = {isa = PBXBuildFile; fileRef = 21525AF728DB569C006B50B7 /* error.h */; };
		215C210628D5572C00C21A1F /* plugins.cpp in Sources */ = {isa = PBXBuildFile; fileRef = 215C210028D5572C00C21A1F /* plugins.cpp */; };
		215C210728D5572C00C21A1F /* loader.cpp in Sources */ = {isa = PBXBuildFile; fileRef = 215C210128D5572C00C21A1F /* loader.cpp */; };
		215C210928D5572C00C21A1F /* loader.h in Headers */ = {isa = PBXBuildFile; fileRef = 215C210328D5572C00C21A1F /* loader.h */; };
		215C210A28D5572C00C21A1F /* plugin.cpp in Sources */ = {isa = PBXBuildFile; fileRef = 215C210428D5572C00C21A1F /* plugin.cpp */; };
		215C210B28D5572C00C21A1F /* plugin.h in Headers */ = {isa = PBXBuildFile; fileRef = 215C210528D5572C00C21A1F /* plugin.h */; };
		215C210F28D55E8400C21A1F /* dos.cpp in Sources */ = {isa = PBXBuildFile; fileRef = 215C210D28D55E8400C21A1F /* dos.cpp */; };
		215C211028D55E8400C21A1F /* dos.h in Headers */ = {isa = PBXBuildFile; fileRef = 215C210E28D55E8400C21A1F /* dos.h */; };
		215C211428D55EA400C21A1F /* cpm.h in Headers */ = {isa = PBXBuildFile; fileRef = 215C211228D55EA400C21A1F /* cpm.h */; };
		215C211528D55EA400C21A1F /* cpm.cpp in Sources */ = {isa = PBXBuildFile; fileRef = 215C211328D55EA400C21A1F /* cpm.cpp */; };
		215C211A28D5801200C21A1F /* file.cpp in Sources */ = {isa = PBXBuildFile; fileRef = 215C211928D5801200C21A1F /* file.cpp */; };
		215C211C28D58DDC00C21A1F /* files.cpp in Sources */ = {isa = PBXBuildFile; fileRef = 215C211B28D58DDC00C21A1F /* files.cpp */; };
		21612F1D2AD6E94D004D2F1B /* bpbex.cpp in Sources */ = {isa = PBXBuildFile; fileRef = 21612F1C2AD6E94D004D2F1B /* bpbex.cpp */; };
		2161939B26EB9841007FA97A /* log.cpp in Sources */ = {isa = PBXBuildFile; fileRef = 2161939A26EB9841007FA97A /* log.cpp */; };
		21641A81258E2C490062AD50 /* device_unix.cpp in Sources */ = {isa = PBXBuildFile; fileRef = 21641A80258E2C490062AD50 /* device_unix.cpp */; };
		21641A84258EF8240062AD50 /* image.cpp in Sources */ = {isa = PBXBuildFile; fileRef = 21641A83258EF8240062AD50 /* image.cpp */; };
		216E123B2ADEC26900F6B298 /* x68.h in Headers */ = {isa = PBXBuildFile; fileRef = 216E12382ADEC26900F6B298 /* x68.h */; };
		2174417828E80850007F39BF /* directory.cpp in Sources */ = {isa = PBXBuildFile; fileRef = 2174417728E80850007F39BF /* directory.cpp */; };
		217BF2352AD5032A003FB649 /* bpb.cpp in Sources */ = {isa = PBXBuildFile; fileRef = 217BF2302AD5032A003FB649 /* bpb.cpp */; };
		217BF2362AD5032A003FB649 /* fat.cpp in Sources */ = {isa = PBXBuildFile; fileRef = 217BF2312AD5032A003FB649 /* fat.cpp */; };
		217BF2372AD5032A003FB649 /* fat.h in Headers */ = {isa = PBXBuildFile; fileRef = 217BF2322AD5032A003FB649 /* fat.h */; };
		217BF2382AD5032A003FB649 /* bpb.h in Headers */ = {isa = PBXBuildFile; fileRef = 217BF2332AD5032A003FB649 /* bpb.h */; };
		217BF2392AD5032A003FB649 /* error.h in Headers */ = {isa = PBXBuildFile; fileRef = 217BF2342AD5032A003FB649 /* error.h */; };
		217BF23D2AD5303E003FB649 /* func.cpp in Sources */ = {isa = PBXBuildFile; fileRef = 217BF23C2AD5303E003FB649 /* func.cpp */; };
		219F7D4A255FC8B000827D5C /* config.cpp in Sources */ = {isa = PBXBuildFile; fileRef = 219F7D48255FC8B000827D5C /* config.cpp */; };
		21ACB8E728C46EE000DFAEE6 /* format.cpp in Sources */ = {isa = PBXBuildFile; fileRef = 21ACB8E628C46EE000DFAEE6 /* format.cpp */; };
		21B0912125865DB800036CC5 /* device_linux.cpp in Sources */ = {isa = PBXBuildFile; fileRef = 21B0911F25865DB800036CC5 /* device_linux.cpp */; };
		21B0AB40259F7F7C00B064A3 /* floppy.cpp in Sources */ = {isa = PBXBuildFile; fileRef = 21B0AB3E259F7F7B00B064A3 /* floppy.cpp */; };
		21B0AB4625A0ED1F00B064A3 /* density.cpp in Sources */ = {isa = PBXBuildFile; fileRef = 21B0AB4525A0ED1F00B064A3 /* density.cpp */; };
		21B0AB4925A0EE6F00B064A3 /* struct.cpp in Sources */ = {isa = PBXBuildFile; fileRef = 21B0AB4825A0EE6F00B064A3 /* struct.cpp */; };
		21BD0E2728D4D64800826636 /* plugins.cpp in Sources */ = {isa = PBXBuildFile; fileRef = 21BD0E2128D4D64800826636 /* plugins.cpp */; };
		21BD0E2828D4D64800826636 /* plugin.h in Headers */ = {isa = PBXBuildFile; fileRef = 21BD0E2228D4D64800826636 /* plugin.h */; };
		21BD0E2928D4D64800826636 /* plugin.cpp in Sources */ = {isa = PBXBuildFile; fileRef = 21BD0E2328D4D64800826636 /* plugin.cpp */; };
		21BD0E2A28D4D64800826636 /* loader.h in Headers */ = {isa = PBXBuildFile; fileRef = 21BD0E2428D4D64800826636 /* loader.h */; };
		21BD0E2B28D4D64800826636 /* func.cpp in Sources */ = {isa = PBXBuildFile; fileRef = 21BD0E2528D4D64800826636 /* func.cpp */; };
		21BD0E2C28D4D64800826636 /* loader.cpp in Sources */ = {isa = PBXBuildFile; fileRef = 21BD0E2628D4D64800826636 /* loader.cpp */; };
		21BD0E2F28D4D67700826636 /* fdx.h in Headers */ = {isa = PBXBuildFile; fileRef = 21BD0E2E28D4D67700826636 /* fdx.h */; };
		21BD0E3528D4D69600826636 /* d88_loader.cpp in Sources */ = {isa = PBXBuildFile; fileRef = 21BD0E3128D4D69600826636 /* d88_loader.cpp */; };
		21BD0E3628D4D69600826636 /* d88.h in Headers */ = {isa = PBXBuildFile; fileRef = 21BD0E3228D4D69600826636 /* d88.h */; };
		21BD0E3728D4D69600826636 /* d88.cpp in Sources */ = {isa = PBXBuildFile; fileRef = 21BD0E3328D4D69600826636 /* d88.cpp */; };
		21BD0E3828D4D69600826636 /* d88_exporter.cpp in Sources */ = {isa = PBXBuildFile; fileRef = 21BD0E3428D4D69600826636 /* d88_exporter.cpp */; };
		21BD0E3E28D4D6B300826636 /* raw_exporter.cpp in Sources */ = {isa = PBXBuildFile; fileRef = 21BD0E3A28D4D6B300826636 /* raw_exporter.cpp */; };
		21BD0E3F28D4D6B300826636 /* raw_loader.cpp in Sources */ = {isa = PBXBuildFile; fileRef = 21BD0E3B28D4D6B300826636 /* raw_loader.cpp */; };
		21BD0E4028D4D6B300826636 /* raw.cpp in Sources */ = {isa = PBXBuildFile; fileRef = 21BD0E3C28D4D6B300826636 /* raw.cpp */; };
		21BD0E4128D4D6B300826636 /* raw.h in Headers */ = {isa = PBXBuildFile; fileRef = 21BD0E3D28D4D6B300826636 /* raw.h */; };
		21BD0E4728D4D6D000826636 /* hfe.h in Headers */ = {isa = PBXBuildFile; fileRef = 21BD0E4328D4D6CF00826636 /* hfe.h */; };
		21BD0E4828D4D6D000826636 /* hfe_exporter.cpp in Sources */ = {isa = PBXBuildFile; fileRef = 21BD0E4428D4D6D000826636 /* hfe_exporter.cpp */; };
		21BD0E4928D4D6D000826636 /* hfe.cpp in Sources */ = {isa = PBXBuildFile; fileRef = 21BD0E4528D4D6D000826636 /* hfe.cpp */; };
		21BD0E4A28D4D6D000826636 /* hfe_loader.cpp in Sources */ = {isa = PBXBuildFile; fileRef = 21BD0E4628D4D6D000826636 /* hfe_loader.cpp */; };
		21C2E0C7257299DF00305F1A /* error.cpp in Sources */ = {isa = PBXBuildFile; fileRef = 21C2E0C6257299DF00305F1A /* error.cpp */; };
		21C6A1B926C6914F002C9EF8 /* floppy_linux.cpp in Sources */ = {isa = PBXBuildFile; fileRef = 21C6A1B826C6914F002C9EF8 /* floppy_linux.cpp */; };
		21DC2017257B5656004F3363 /* device.cpp in Sources */ = {isa = PBXBuildFile; fileRef = 21DC2016257B5656004F3363 /* device.cpp */; };
		21DC2020257B9EEA004F3363 /* dictionary.cpp in Sources */ = {isa = PBXBuildFile; fileRef = 21DC201F257B9EEA004F3363 /* dictionary.cpp */; };
		21DC2023257BA110004F3363 /* element.cpp in Sources */ = {isa = PBXBuildFile; fileRef = 21DC2022257BA110004F3363 /* element.cpp */; };
		21E15B02256A70D200029338 /* sectors.cpp in Sources */ = {isa = PBXBuildFile; fileRef = 21E15B01256A70D200029338 /* sectors.cpp */; };
		21E15B05256A742700029338 /* list.cpp in Sources */ = {isa = PBXBuildFile; fileRef = 21E15B04256A742700029338 /* list.cpp */; };
		21E15B08256A955A00029338 /* image.cpp in Sources */ = {isa = PBXBuildFile; fileRef = 21E15B07256A955A00029338 /* image.cpp */; };
		21E15B0C256BB09100029338 /* string.cpp in Sources */ = {isa = PBXBuildFile; fileRef = 21E15B0B256BB09100029338 /* string.cpp */; };
		21EADC8828DC8A4E002BF3B7 /* strings.cpp in Sources */ = {isa = PBXBuildFile; fileRef = 21EADC8728DC8A4E002BF3B7 /* strings.cpp */; };
/* End PBXBuildFile section */

/* Begin PBXFileReference section */
		210D91DF2AE8C6CC00E2C004 /* bytes_le.cpp */ = {isa = PBXFileReference; fileEncoding = 4; lastKnownFileType = sourcecode.cpp.cpp; name = bytes_le.cpp; path = ../../../src/fdtools/util/bytes_le.cpp; sourceTree = "<group>"; };
		211D4844257BB31900895CFE /* program.cpp */ = {isa = PBXFileReference; fileEncoding = 4; lastKnownFileType = sourcecode.cpp.cpp; name = program.cpp; path = ../../../src/fdtools/util/program.cpp; sourceTree = "<group>"; };
		211D484C257BD13100895CFE /* option.cpp */ = {isa = PBXFileReference; fileEncoding = 4; lastKnownFileType = sourcecode.cpp.cpp; name = option.cpp; path = ../../../src/fdtools/util/option.cpp; sourceTree = "<group>"; };
		211D4851257BD66400895CFE /* argument.cpp */ = {isa = PBXFileReference; fileEncoding = 4; lastKnownFileType = sourcecode.cpp.cpp; name = argument.cpp; path = ../../../src/fdtools/util/argument.cpp; sourceTree = "<group>"; };
		211D4858257BE46A00895CFE /* arguments.cpp */ = {isa = PBXFileReference; fileEncoding = 4; lastKnownFileType = sourcecode.cpp.cpp; name = arguments.cpp; path = ../../../src/fdtools/util/arguments.cpp; sourceTree = "<group>"; };
		21352E2025768FA7007E05A4 /* hexdump.cpp */ = {isa = PBXFileReference; fileEncoding = 4; lastKnownFileType = sourcecode.cpp.cpp; name = hexdump.cpp; path = ../../../src/fdtools/util/hexdump.cpp; sourceTree = "<group>"; };
		213AA829255DB05700C00188 /* libfdtools.a */ = {isa = PBXFileReference; explicitFileType = archive.ar; includeInIndex = 0; path = libfdtools.a; sourceTree = BUILT_PRODUCTS_DIR; };
		21403C0B255EFF060022389D /* file.cpp */ = {isa = PBXFileReference; fileEncoding = 4; lastKnownFileType = sourcecode.cpp.cpp; name = file.cpp; path = ../../../src/fdtools/img/file.cpp; sourceTree = "<group>"; };
		21403C0F255F02C80022389D /* string_func.cpp */ = {isa = PBXFileReference; fileEncoding = 4; lastKnownFileType = sourcecode.cpp.cpp; name = string_func.cpp; path = ../../../src/fdtools/util/string_func.cpp; sourceTree = "<group>"; };
		214949012AE8092B002BBAA1 /* sector.cpp */ = {isa = PBXFileReference; fileEncoding = 4; lastKnownFileType = sourcecode.cpp.cpp; name = sector.cpp; path = ../../../src/fdtools/plugins/fmt/dos/sector.cpp; sourceTree = "<group>"; };
		214949032AE809DD002BBAA1 /* sector.h */ = {isa = PBXFileReference; fileEncoding = 4; lastKnownFileType = sourcecode.c.h; name = sector.h; path = ../../../src/fdtools/plugins/fmt/dos/sector.h; sourceTree = "<group>"; };
		2149FDB92AE73DD900CA36E6 /* hexdump_diff.cpp */ = {isa = PBXFileReference; fileEncoding = 4; lastKnownFileType = sourcecode.cpp.cpp; name = hexdump_diff.cpp; path = ../../../src/fdtools/util/hexdump_diff.cpp; sourceTree = "<group>"; };
		2149FDBC2AE73FD200CA36E6 /* x68_img.cpp */ = {isa = PBXFileReference; fileEncoding = 4; lastKnownFileType = sourcecode.cpp.cpp; name = x68_img.cpp; path = ../../../src/fdtools/plugins/fmt/x68/x68_img.cpp; sourceTree = "<group>"; };
		2149FDBD2AE73FD200CA36E6 /* x68.cpp */ = {isa = PBXFileReference; fileEncoding = 4; lastKnownFileType = sourcecode.cpp.cpp; name = x68.cpp; path = ../../../src/fdtools/plugins/fmt/x68/x68.cpp; sourceTree = "<group>"; };
		2151DF45256989AC009FC0E0 /* file.cpp */ = {isa = PBXFileReference; fileEncoding = 4; lastKnownFileType = sourcecode.cpp.cpp; name = file.cpp; path = ../../../src/fdtools/util/file.cpp; sourceTree = "<group>"; };
		2151DF4B256A4B40009FC0E0 /* sector.cpp */ = {isa = PBXFileReference; fileEncoding = 4; lastKnownFileType = sourcecode.cpp.cpp; name = sector.cpp; path = ../../../src/fdtools/img/sector.cpp; sourceTree = "<group>"; };
		21525AF728DB569C006B50B7 /* error.h */ = {isa = PBXFileReference; fileEncoding = 4; lastKnownFileType = sourcecode.c.h; name = error.h; path = ../../../src/fdtools/plugins/fmt/cpm/error.h; sourceTree = "<group>"; };
		215C210028D5572C00C21A1F /* plugins.cpp */ = {isa = PBXFileReference; fileEncoding = 4; lastKnownFileType = sourcecode.cpp.cpp; name = plugins.cpp; path = ../../../src/fdtools/plugins/fmt/plugins.cpp; sourceTree = "<group>"; };
		215C210128D5572C00C21A1F /* loader.cpp */ = {isa = PBXFileReference; fileEncoding = 4; lastKnownFileType = sourcecode.cpp.cpp; name = loader.cpp; path = ../../../src/fdtools/plugins/fmt/loader.cpp; sourceTree = "<group>"; };
		215C210328D5572C00C21A1F /* loader.h */ = {isa = PBXFileReference; fileEncoding = 4; lastKnownFileType = sourcecode.c.h; name = loader.h; path = ../../../src/fdtools/plugins/fmt/loader.h; sourceTree = "<group>"; };
		215C210428D5572C00C21A1F /* plugin.cpp */ = {isa = PBXFileReference; fileEncoding = 4; lastKnownFileType = sourcecode.cpp.cpp; name = plugin.cpp; path = ../../../src/fdtools/plugins/fmt/plugin.cpp; sourceTree = "<group>"; };
		215C210528D5572C00C21A1F /* plugin.h */ = {isa = PBXFileReference; fileEncoding = 4; lastKnownFileType = sourcecode.c.h; name = plugin.h; path = ../../../src/fdtools/plugins/fmt/plugin.h; sourceTree = "<group>"; };
		215C210D28D55E8400C21A1F /* dos.cpp */ = {isa = PBXFileReference; fileEncoding = 4; lastKnownFileType = sourcecode.cpp.cpp; name = dos.cpp; path = ../../../src/fdtools/plugins/fmt/dos/dos.cpp; sourceTree = "<group>"; };
		215C210E28D55E8400C21A1F /* dos.h */ = {isa = PBXFileReference; fileEncoding = 4; lastKnownFileType = sourcecode.c.h; name = dos.h; path = ../../../src/fdtools/plugins/fmt/dos/dos.h; sourceTree = "<group>"; };
		215C211228D55EA400C21A1F /* cpm.h */ = {isa = PBXFileReference; fileEncoding = 4; lastKnownFileType = sourcecode.c.h; name = cpm.h; path = ../../../src/fdtools/plugins/fmt/cpm/cpm.h; sourceTree = "<group>"; };
		215C211328D55EA400C21A1F /* cpm.cpp */ = {isa = PBXFileReference; fileEncoding = 4; lastKnownFileType = sourcecode.cpp.cpp; name = cpm.cpp; path = ../../../src/fdtools/plugins/fmt/cpm/cpm.cpp; sourceTree = "<group>"; };
		215C211928D5801200C21A1F /* file.cpp */ = {isa = PBXFileReference; fileEncoding = 4; lastKnownFileType = sourcecode.cpp.cpp; name = file.cpp; path = ../../../src/fdtools/fmt/file.cpp; sourceTree = "<group>"; };
		215C211B28D58DDC00C21A1F /* files.cpp */ = {isa = PBXFileReference; fileEncoding = 4; lastKnownFileType = sourcecode.cpp.cpp; name = files.cpp; path = ../../../src/fdtools/fmt/files.cpp; sourceTree = "<group>"; };
		21612F1C2AD6E94D004D2F1B /* bpbex.cpp */ = {isa = PBXFileReference; fileEncoding = 4; lastKnownFileType = sourcecode.cpp.cpp; name = bpbex.cpp; path = ../../../src/fdtools/plugins/fmt/dos/bpbex.cpp; sourceTree = "<group>"; };
		2161939A26EB9841007FA97A /* log.cpp */ = {isa = PBXFileReference; fileEncoding = 4; lastKnownFileType = sourcecode.cpp.cpp; name = log.cpp; path = ../../../src/fdtools/util/log.cpp; sourceTree = "<group>"; };
		21641A80258E2C490062AD50 /* device_unix.cpp */ = {isa = PBXFileReference; fileEncoding = 4; lastKnownFileType = sourcecode.cpp.cpp; name = device_unix.cpp; path = ../../../src/fdtools/dev/device_unix.cpp; sourceTree = "<group>"; };
		21641A83258EF8240062AD50 /* image.cpp */ = {isa = PBXFileReference; fileEncoding = 4; lastKnownFileType = sourcecode.cpp.cpp; name = image.cpp; path = ../../../src/fdtools/dev/image.cpp; sourceTree = "<group>"; };
		216E12382ADEC26900F6B298 /* x68.h */ = {isa = PBXFileReference; fileEncoding = 4; lastKnownFileType = sourcecode.c.h; name = x68.h; path = ../../../src/fdtools/plugins/fmt/x68/x68.h; sourceTree = "<group>"; };
		216F3666255DB161004507DF /* fdtools */ = {isa = PBXFileReference; lastKnownFileType = folder; name = fdtools; path = ../../../include/fdtools; sourceTree = "<group>"; };
		2174417728E80850007F39BF /* directory.cpp */ = {isa = PBXFileReference; fileEncoding = 4; lastKnownFileType = sourcecode.cpp.cpp; name = directory.cpp; path = ../../../src/fdtools/plugins/fmt/cpm/directory.cpp; sourceTree = "<group>"; };
		217BF2302AD5032A003FB649 /* bpb.cpp */ = {isa = PBXFileReference; fileEncoding = 4; lastKnownFileType = sourcecode.cpp.cpp; name = bpb.cpp; path = ../../../src/fdtools/plugins/fmt/dos/bpb.cpp; sourceTree = "<group>"; };
		217BF2312AD5032A003FB649 /* fat.cpp */ = {isa = PBXFileReference; fileEncoding = 4; lastKnownFileType = sourcecode.cpp.cpp; name = fat.cpp; path = ../../../src/fdtools/plugins/fmt/dos/fat.cpp; sourceTree = "<group>"; };
		217BF2322AD5032A003FB649 /* fat.h */ = {isa = PBXFileReference; fileEncoding = 4; lastKnownFileType = sourcecode.c.h; name = fat.h; path = ../../../src/fdtools/plugins/fmt/dos/fat.h; sourceTree = "<group>"; };
		217BF2332AD5032A003FB649 /* bpb.h */ = {isa = PBXFileReference; fileEncoding = 4; lastKnownFileType = sourcecode.c.h; name = bpb.h; path = ../../../src/fdtools/plugins/fmt/dos/bpb.h; sourceTree = "<group>"; };
		217BF2342AD5032A003FB649 /* error.h */ = {isa = PBXFileReference; fileEncoding = 4; lastKnownFileType = sourcecode.c.h; name = error.h; path = ../../../src/fdtools/plugins/fmt/dos/error.h; sourceTree = "<group>"; };
		217BF23C2AD5303E003FB649 /* func.cpp */ = {isa = PBXFileReference; fileEncoding = 4; lastKnownFileType = sourcecode.cpp.cpp; name = func.cpp; path = ../../../src/fdtools/plugins/fmt/dos/func.cpp; sourceTree = "<group>"; };
		219F7D48255FC8B000827D5C /* config.cpp */ = {isa = PBXFileReference; fileEncoding = 4; lastKnownFileType = sourcecode.cpp.cpp; name = config.cpp; path = ../../../src/fdtools/img/config.cpp; sourceTree = "<group>"; };
		21ACB8E628C46EE000DFAEE6 /* format.cpp */ = {isa = PBXFileReference; fileEncoding = 4; lastKnownFileType = sourcecode.cpp.cpp; name = format.cpp; path = ../../../src/fdtools/fmt/format.cpp; sourceTree = "<group>"; };
		21B0911F25865DB800036CC5 /* device_linux.cpp */ = {isa = PBXFileReference; fileEncoding = 4; lastKnownFileType = sourcecode.cpp.cpp; name = device_linux.cpp; path = ../../../src/fdtools/dev/device_linux.cpp; sourceTree = "<group>"; };
		21B0AB3E259F7F7B00B064A3 /* floppy.cpp */ = {isa = PBXFileReference; fileEncoding = 4; lastKnownFileType = sourcecode.cpp.cpp; name = floppy.cpp; path = ../../../src/fdtools/dev/floppy.cpp; sourceTree = "<group>"; };
		21B0AB4525A0ED1F00B064A3 /* density.cpp */ = {isa = PBXFileReference; fileEncoding = 4; lastKnownFileType = sourcecode.cpp.cpp; name = density.cpp; path = ../../../src/fdtools/img/density.cpp; sourceTree = "<group>"; };
		21B0AB4825A0EE6F00B064A3 /* struct.cpp */ = {isa = PBXFileReference; fileEncoding = 4; lastKnownFileType = sourcecode.cpp.cpp; name = struct.cpp; path = ../../../src/fdtools/util/struct.cpp; sourceTree = "<group>"; };
		21BD0E2128D4D64800826636 /* plugins.cpp */ = {isa = PBXFileReference; fileEncoding = 4; lastKnownFileType = sourcecode.cpp.cpp; name = plugins.cpp; path = ../../../src/fdtools/plugins/img/plugins.cpp; sourceTree = "<group>"; };
		21BD0E2228D4D64800826636 /* plugin.h */ = {isa = PBXFileReference; fileEncoding = 4; lastKnownFileType = sourcecode.c.h; name = plugin.h; path = ../../../src/fdtools/plugins/img/plugin.h; sourceTree = "<group>"; };
		21BD0E2328D4D64800826636 /* plugin.cpp */ = {isa = PBXFileReference; fileEncoding = 4; lastKnownFileType = sourcecode.cpp.cpp; name = plugin.cpp; path = ../../../src/fdtools/plugins/img/plugin.cpp; sourceTree = "<group>"; };
		21BD0E2428D4D64800826636 /* loader.h */ = {isa = PBXFileReference; fileEncoding = 4; lastKnownFileType = sourcecode.c.h; name = loader.h; path = ../../../src/fdtools/plugins/img/loader.h; sourceTree = "<group>"; };
		21BD0E2528D4D64800826636 /* func.cpp */ = {isa = PBXFileReference; fileEncoding = 4; lastKnownFileType = sourcecode.cpp.cpp; name = func.cpp; path = ../../../src/fdtools/plugins/img/func.cpp; sourceTree = "<group>"; };
		21BD0E2628D4D64800826636 /* loader.cpp */ = {isa = PBXFileReference; fileEncoding = 4; lastKnownFileType = sourcecode.cpp.cpp; name = loader.cpp; path = ../../../src/fdtools/plugins/img/loader.cpp; sourceTree = "<group>"; };
		21BD0E2E28D4D67700826636 /* fdx.h */ = {isa = PBXFileReference; fileEncoding = 4; lastKnownFileType = sourcecode.c.h; name = fdx.h; path = ../../../src/fdtools/plugins/img/fdx/fdx.h; sourceTree = "<group>"; };
		21BD0E3128D4D69600826636 /* d88_loader.cpp */ = {isa = PBXFileReference; fileEncoding = 4; lastKnownFileType = sourcecode.cpp.cpp; name = d88_loader.cpp; path = ../../../src/fdtools/plugins/img/d88/d88_loader.cpp; sourceTree = "<group>"; };
		21BD0E3228D4D69600826636 /* d88.h */ = {isa = PBXFileReference; fileEncoding = 4; lastKnownFileType = sourcecode.c.h; name = d88.h; path = ../../../src/fdtools/plugins/img/d88/d88.h; sourceTree = "<group>"; };
		21BD0E3328D4D69600826636 /* d88.cpp */ = {isa = PBXFileReference; fileEncoding = 4; lastKnownFileType = sourcecode.cpp.cpp; name = d88.cpp; path = ../../../src/fdtools/plugins/img/d88/d88.cpp; sourceTree = "<group>"; };
		21BD0E3428D4D69600826636 /* d88_exporter.cpp */ = {isa = PBXFileReference; fileEncoding = 4; lastKnownFileType = sourcecode.cpp.cpp; name = d88_exporter.cpp; path = ../../../src/fdtools/plugins/img/d88/d88_exporter.cpp; sourceTree = "<group>"; };
		21BD0E3A28D4D6B300826636 /* raw_exporter.cpp */ = {isa = PBXFileReference; fileEncoding = 4; lastKnownFileType = sourcecode.cpp.cpp; name = raw_exporter.cpp; path = ../../../src/fdtools/plugins/img/raw/raw_exporter.cpp; sourceTree = "<group>"; };
		21BD0E3B28D4D6B300826636 /* raw_loader.cpp */ = {isa = PBXFileReference; fileEncoding = 4; lastKnownFileType = sourcecode.cpp.cpp; name = raw_loader.cpp; path = ../../../src/fdtools/plugins/img/raw/raw_loader.cpp; sourceTree = "<group>"; };
		21BD0E3C28D4D6B300826636 /* raw.cpp */ = {isa = PBXFileReference; fileEncoding = 4; lastKnownFileType = sourcecode.cpp.cpp; name = raw.cpp; path = ../../../src/fdtools/plugins/img/raw/raw.cpp; sourceTree = "<group>"; };
		21BD0E3D28D4D6B300826636 /* raw.h */ = {isa = PBXFileReference; fileEncoding = 4; lastKnownFileType = sourcecode.c.h; name = raw.h; path = ../../../src/fdtools/plugins/img/raw/raw.h; sourceTree = "<group>"; };
		21BD0E4328D4D6CF00826636 /* hfe.h */ = {isa = PBXFileReference; fileEncoding = 4; lastKnownFileType = sourcecode.c.h; name = hfe.h; path = ../../../src/fdtools/plugins/img/hfe/hfe.h; sourceTree = "<group>"; };
		21BD0E4428D4D6D000826636 /* hfe_exporter.cpp */ = {isa = PBXFileReference; fileEncoding = 4; lastKnownFileType = sourcecode.cpp.cpp; name = hfe_exporter.cpp; path = ../../../src/fdtools/plugins/img/hfe/hfe_exporter.cpp; sourceTree = "<group>"; };
		21BD0E4528D4D6D000826636 /* hfe.cpp */ = {isa = PBXFileReference; fileEncoding = 4; lastKnownFileType = sourcecode.cpp.cpp; name = hfe.cpp; path = ../../../src/fdtools/plugins/img/hfe/hfe.cpp; sourceTree = "<group>"; };
		21BD0E4628D4D6D000826636 /* hfe_loader.cpp */ = {isa = PBXFileReference; fileEncoding = 4; lastKnownFileType = sourcecode.cpp.cpp; name = hfe_loader.cpp; path = ../../../src/fdtools/plugins/img/hfe/hfe_loader.cpp; sourceTree = "<group>"; };
		21C2E0C6257299DF00305F1A /* error.cpp */ = {isa = PBXFileReference; fileEncoding = 4; lastKnownFileType = sourcecode.cpp.cpp; name = error.cpp; path = ../../../src/fdtools/error.cpp; sourceTree = "<group>"; };
		21C6A1B826C6914F002C9EF8 /* floppy_linux.cpp */ = {isa = PBXFileReference; fileEncoding = 4; lastKnownFileType = sourcecode.cpp.cpp; name = floppy_linux.cpp; path = ../../../src/fdtools/dev/floppy_linux.cpp; sourceTree = "<group>"; };
		21DC2016257B5656004F3363 /* device.cpp */ = {isa = PBXFileReference; fileEncoding = 4; lastKnownFileType = sourcecode.cpp.cpp; name = device.cpp; path = ../../../src/fdtools/dev/device.cpp; sourceTree = "<group>"; };
		21DC201F257B9EEA004F3363 /* dictionary.cpp */ = {isa = PBXFileReference; fileEncoding = 4; lastKnownFileType = sourcecode.cpp.cpp; name = dictionary.cpp; path = ../../../src/fdtools/util/dictionary.cpp; sourceTree = "<group>"; };
		21DC2022257BA110004F3363 /* element.cpp */ = {isa = PBXFileReference; fileEncoding = 4; lastKnownFileType = sourcecode.cpp.cpp; name = element.cpp; path = ../../../src/fdtools/util/element.cpp; sourceTree = "<group>"; };
		21E15B01256A70D200029338 /* sectors.cpp */ = {isa = PBXFileReference; fileEncoding = 4; lastKnownFileType = sourcecode.cpp.cpp; name = sectors.cpp; path = ../../../src/fdtools/img/sectors.cpp; sourceTree = "<group>"; };
		21E15B04256A742700029338 /* list.cpp */ = {isa = PBXFileReference; fileEncoding = 4; lastKnownFileType = sourcecode.cpp.cpp; name = list.cpp; path = ../../../src/fdtools/util/list.cpp; sourceTree = "<group>"; };
		21E15B07256A955A00029338 /* image.cpp */ = {isa = PBXFileReference; fileEncoding = 4; lastKnownFileType = sourcecode.cpp.cpp; name = image.cpp; path = ../../../src/fdtools/img/image.cpp; sourceTree = "<group>"; };
		21E15B0B256BB09100029338 /* string.cpp */ = {isa = PBXFileReference; fileEncoding = 4; lastKnownFileType = sourcecode.cpp.cpp; name = string.cpp; path = ../../../src/fdtools/util/string.cpp; sourceTree = "<group>"; };
		21EADC8728DC8A4E002BF3B7 /* strings.cpp */ = {isa = PBXFileReference; fileEncoding = 4; lastKnownFileType = sourcecode.cpp.cpp; name = strings.cpp; path = ../../../src/fdtools/util/strings.cpp; sourceTree = "<group>"; };
/* End PBXFileReference section */

/* Begin PBXFrameworksBuildPhase section */
		213AA827255DB05700C00188 /* Frameworks */ = {
			isa = PBXFrameworksBuildPhase;
			buildActionMask = 2147483647;
			files = (
			);
			runOnlyForDeploymentPostprocessing = 0;
		};
/* End PBXFrameworksBuildPhase section */

/* Begin PBXGroup section */
		213AA820255DB05700C00188 = {
			isa = PBXGroup;
			children = (
				216F3665255DB14E004507DF /* Headers */,
				216F3667255DB165004507DF /* Sources */,
				213AA82A255DB05700C00188 /* Products */,
			);
			indentWidth = 2;
			sourceTree = "<group>";
			tabWidth = 2;
		};
		213AA82A255DB05700C00188 /* Products */ = {
			isa = PBXGroup;
			children = (
				213AA829255DB05700C00188 /* libfdtools.a */,
			);
			name = Products;
			sourceTree = "<group>";
		};
		21403C0E255F02B00022389D /* util */ = {
			isa = PBXGroup;
			children = (
				210D91DF2AE8C6CC00E2C004 /* bytes_le.cpp */,
				211D4851257BD66400895CFE /* argument.cpp */,
				211D4858257BE46A00895CFE /* arguments.cpp */,
				21DC201F257B9EEA004F3363 /* dictionary.cpp */,
				21DC2022257BA110004F3363 /* element.cpp */,
				2151DF45256989AC009FC0E0 /* file.cpp */,
				21352E2025768FA7007E05A4 /* hexdump.cpp */,
				2149FDB92AE73DD900CA36E6 /* hexdump_diff.cpp */,
				21E15B04256A742700029338 /* list.cpp */,
				2161939A26EB9841007FA97A /* log.cpp */,
				211D484C257BD13100895CFE /* option.cpp */,
				211D4844257BB31900895CFE /* program.cpp */,
				21403C0F255F02C80022389D /* string_func.cpp */,
				21E15B0B256BB09100029338 /* string.cpp */,
				21EADC8728DC8A4E002BF3B7 /* strings.cpp */,
				21B0AB4825A0EE6F00B064A3 /* struct.cpp */,
			);
			name = util;
			sourceTree = "<group>";
		};
		215C20FF28D5570D00C21A1F /* fmt */ = {
			isa = PBXGroup;
			children = (
				21B2018D2AD8CDE6000D6983 /* x68 */,
				215C211128D55E8B00C21A1F /* cpm */,
				215C210C28D55E3400C21A1F /* dos */,
				215C210128D5572C00C21A1F /* loader.cpp */,
				215C210328D5572C00C21A1F /* loader.h */,
				215C210428D5572C00C21A1F /* plugin.cpp */,
				215C210528D5572C00C21A1F /* plugin.h */,
				215C210028D5572C00C21A1F /* plugins.cpp */,
			);
			name = fmt;
			sourceTree = "<group>";
		};
		215C210C28D55E3400C21A1F /* dos */ = {
			isa = PBXGroup;
			children = (
				214949032AE809DD002BBAA1 /* sector.h */,
				214949012AE8092B002BBAA1 /* sector.cpp */,
				21612F1C2AD6E94D004D2F1B /* bpbex.cpp */,
				217BF23C2AD5303E003FB649 /* func.cpp */,
				217BF2302AD5032A003FB649 /* bpb.cpp */,
				217BF2332AD5032A003FB649 /* bpb.h */,
				217BF2342AD5032A003FB649 /* error.h */,
				217BF2312AD5032A003FB649 /* fat.cpp */,
				217BF2322AD5032A003FB649 /* fat.h */,
				215C210D28D55E8400C21A1F /* dos.cpp */,
				215C210E28D55E8400C21A1F /* dos.h */,
			);
			name = dos;
			sourceTree = "<group>";
		};
		215C211128D55E8B00C21A1F /* cpm */ = {
			isa = PBXGroup;
			children = (
				2174417728E80850007F39BF /* directory.cpp */,
				21525AF728DB569C006B50B7 /* error.h */,
				215C211328D55EA400C21A1F /* cpm.cpp */,
				215C211228D55EA400C21A1F /* cpm.h */,
			);
			name = cpm;
			sourceTree = "<group>";
		};
		216F3665255DB14E004507DF /* Headers */ = {
			isa = PBXGroup;
			children = (
				216F3666255DB161004507DF /* fdtools */,
			);
			name = Headers;
			sourceTree = "<group>";
		};
		216F3667255DB165004507DF /* Sources */ = {
			isa = PBXGroup;
			children = (
				21E273BF255DB2D5008AC447 /* fdtools */,
			);
			name = Sources;
			sourceTree = "<group>";
		};
		2193146D26C580A500310C6D /* plugins */ = {
			isa = PBXGroup;
			children = (
				215C20FF28D5570D00C21A1F /* fmt */,
				21BD0E2028D4D62C00826636 /* img */,
			);
			name = plugins;
			sourceTree = "<group>";
		};
		21ACB8E528C46ECA00DFAEE6 /* fmt */ = {
			isa = PBXGroup;
			children = (
				215C211B28D58DDC00C21A1F /* files.cpp */,
				215C211928D5801200C21A1F /* file.cpp */,
				21ACB8E628C46EE000DFAEE6 /* format.cpp */,
			);
			name = fmt;
			sourceTree = "<group>";
		};
		21B2018D2AD8CDE6000D6983 /* x68 */ = {
			isa = PBXGroup;
			children = (
				2149FDBC2AE73FD200CA36E6 /* x68_img.cpp */,
				2149FDBD2AE73FD200CA36E6 /* x68.cpp */,
				216E12382ADEC26900F6B298 /* x68.h */,
			);
			name = x68;
			sourceTree = "<group>";
		};
		21BD0E2028D4D62C00826636 /* img */ = {
			isa = PBXGroup;
			children = (
				21BD0E4228D4D6B900826636 /* hfe */,
				21BD0E3928D4D69C00826636 /* raw */,
				21BD0E3028D4D67E00826636 /* d88 */,
				21BD0E2D28D4D64E00826636 /* fdx */,
				21BD0E2528D4D64800826636 /* func.cpp */,
				21BD0E2628D4D64800826636 /* loader.cpp */,
				21BD0E2428D4D64800826636 /* loader.h */,
				21BD0E2328D4D64800826636 /* plugin.cpp */,
				21BD0E2228D4D64800826636 /* plugin.h */,
				21BD0E2128D4D64800826636 /* plugins.cpp */,
			);
			name = img;
			sourceTree = "<group>";
		};
		21BD0E2D28D4D64E00826636 /* fdx */ = {
			isa = PBXGroup;
			children = (
				21BD0E2E28D4D67700826636 /* fdx.h */,
			);
			name = fdx;
			sourceTree = "<group>";
		};
		21BD0E3028D4D67E00826636 /* d88 */ = {
			isa = PBXGroup;
			children = (
				21BD0E3428D4D69600826636 /* d88_exporter.cpp */,
				21BD0E3128D4D69600826636 /* d88_loader.cpp */,
				21BD0E3328D4D69600826636 /* d88.cpp */,
				21BD0E3228D4D69600826636 /* d88.h */,
			);
			name = d88;
			sourceTree = "<group>";
		};
		21BD0E3928D4D69C00826636 /* raw */ = {
			isa = PBXGroup;
			children = (
				21BD0E3A28D4D6B300826636 /* raw_exporter.cpp */,
				21BD0E3B28D4D6B300826636 /* raw_loader.cpp */,
				21BD0E3C28D4D6B300826636 /* raw.cpp */,
				21BD0E3D28D4D6B300826636 /* raw.h */,
			);
			name = raw;
			sourceTree = "<group>";
		};
		21BD0E4228D4D6B900826636 /* hfe */ = {
			isa = PBXGroup;
			children = (
				21BD0E4428D4D6D000826636 /* hfe_exporter.cpp */,
				21BD0E4628D4D6D000826636 /* hfe_loader.cpp */,
				21BD0E4528D4D6D000826636 /* hfe.cpp */,
				21BD0E4328D4D6CF00826636 /* hfe.h */,
			);
			name = hfe;
			sourceTree = "<group>";
		};
		21DC2015257B563B004F3363 /* dev */ = {
			isa = PBXGroup;
			children = (
				21C6A1B826C6914F002C9EF8 /* floppy_linux.cpp */,
				21B0AB3E259F7F7B00B064A3 /* floppy.cpp */,
				21641A83258EF8240062AD50 /* image.cpp */,
				21641A80258E2C490062AD50 /* device_unix.cpp */,
				21B0911F25865DB800036CC5 /* device_linux.cpp */,
				21DC2016257B5656004F3363 /* device.cpp */,
			);
			name = dev;
			sourceTree = "<group>";
		};
		21E273BF255DB2D5008AC447 /* fdtools */ = {
			isa = PBXGroup;
			children = (
				2193146D26C580A500310C6D /* plugins */,
				21ACB8E528C46ECA00DFAEE6 /* fmt */,
				21DC2015257B563B004F3363 /* dev */,
				21C2E0C6257299DF00305F1A /* error.cpp */,
				21403C0E255F02B00022389D /* util */,
				21E273C1255DB2E2008AC447 /* img */,
			);
			name = fdtools;
			sourceTree = "<group>";
		};
		21E273C1255DB2E2008AC447 /* img */ = {
			isa = PBXGroup;
			children = (
				21B0AB4525A0ED1F00B064A3 /* density.cpp */,
				219F7D48255FC8B000827D5C /* config.cpp */,
				21403C0B255EFF060022389D /* file.cpp */,
				21E15B07256A955A00029338 /* image.cpp */,
				2151DF4B256A4B40009FC0E0 /* sector.cpp */,
				21E15B01256A70D200029338 /* sectors.cpp */,
			);
			name = img;
			sourceTree = "<group>";
		};
/* End PBXGroup section */

/* Begin PBXHeadersBuildPhase section */
		213AA825255DB05700C00188 /* Headers */ = {
			isa = PBXHeadersBuildPhase;
			buildActionMask = 2147483647;
			files = (
				215C211028D55E8400C21A1F /* dos.h in Headers */,
				217BF2382AD5032A003FB649 /* bpb.h in Headers */,
				215C211428D55EA400C21A1F /* cpm.h in Headers */,
				21525AF828DB569C006B50B7 /* error.h in Headers */,
				21BD0E4728D4D6D000826636 /* hfe.h in Headers */,
				21BD0E2F28D4D67700826636 /* fdx.h in Headers */,
				216E123B2ADEC26900F6B298 /* x68.h in Headers */,
				21BD0E4128D4D6B300826636 /* raw.h in Headers */,
				217BF2372AD5032A003FB649 /* fat.h in Headers */,
				21BD0E2828D4D64800826636 /* plugin.h in Headers */,
				21BD0E2A28D4D64800826636 /* loader.h in Headers */,
				215C210B28D5572C00C21A1F /* plugin.h in Headers */,
				217BF2392AD5032A003FB649 /* error.h in Headers */,
				215C210928D5572C00C21A1F /* loader.h in Headers */,
				214949042AE809DD002BBAA1 /* sector.h in Headers */,
				21BD0E3628D4D69600826636 /* d88.h in Headers */,
			);
			runOnlyForDeploymentPostprocessing = 0;
		};
/* End PBXHeadersBuildPhase section */

/* Begin PBXNativeTarget section */
		213AA828255DB05700C00188 /* libfdtools */ = {
			isa = PBXNativeTarget;
			buildConfigurationList = 213AA82D255DB05700C00188 /* Build configuration list for PBXNativeTarget "libfdtools" */;
			buildPhases = (
				213AA825255DB05700C00188 /* Headers */,
				213AA826255DB05700C00188 /* Sources */,
				213AA827255DB05700C00188 /* Frameworks */,
			);
			buildRules = (
			);
			dependencies = (
			);
			name = libfdtools;
			productName = libfdtools;
			productReference = 213AA829255DB05700C00188 /* libfdtools.a */;
			productType = "com.apple.product-type.library.static";
		};
/* End PBXNativeTarget section */

/* Begin PBXProject section */
		213AA821255DB05700C00188 /* Project object */ = {
			isa = PBXProject;
			attributes = {
				LastUpgradeCheck = 1400;
				TargetAttributes = {
					213AA828255DB05700C00188 = {
						CreatedOnToolsVersion = 12.1;
					};
				};
			};
			buildConfigurationList = 213AA824255DB05700C00188 /* Build configuration list for PBXProject "libfdtools" */;
			compatibilityVersion = "Xcode 9.3";
			developmentRegion = en;
			hasScannedForEncodings = 0;
			knownRegions = (
				en,
				Base,
			);
			mainGroup = 213AA820255DB05700C00188;
			productRefGroup = 213AA82A255DB05700C00188 /* Products */;
			projectDirPath = "";
			projectRoot = "";
			targets = (
				213AA828255DB05700C00188 /* libfdtools */,
			);
		};
/* End PBXProject section */

/* Begin PBXSourcesBuildPhase section */
		213AA826255DB05700C00188 /* Sources */ = {
			isa = PBXSourcesBuildPhase;
			buildActionMask = 2147483647;
			files = (
				215C210628D5572C00C21A1F /* plugins.cpp in Sources */,
				21403C10255F02C80022389D /* string_func.cpp in Sources */,
				211D484E257BD13100895CFE /* option.cpp in Sources */,
				21BD0E4828D4D6D000826636 /* hfe_exporter.cpp in Sources */,
				2151DF4C256A4B40009FC0E0 /* sector.cpp in Sources */,
				21E15B0C256BB09100029338 /* string.cpp in Sources */,
				2149FDBF2AE73FD200CA36E6 /* x68.cpp in Sources */,
				217BF2352AD5032A003FB649 /* bpb.cpp in Sources */,
				215C211528D55EA400C21A1F /* cpm.cpp in Sources */,
				21E15B05256A742700029338 /* list.cpp in Sources */,
				210D91E02AE8C6CC00E2C004 /* bytes_le.cpp in Sources */,
				21352E2125768FA7007E05A4 /* hexdump.cpp in Sources */,
				21B0912125865DB800036CC5 /* device_linux.cpp in Sources */,
				21BD0E3F28D4D6B300826636 /* raw_loader.cpp in Sources */,
				215C211A28D5801200C21A1F /* file.cpp in Sources */,
				211D4859257BE46A00895CFE /* arguments.cpp in Sources */,
				21BD0E2C28D4D64800826636 /* loader.cpp in Sources */,
				21BD0E3528D4D69600826636 /* d88_loader.cpp in Sources */,
				21E15B02256A70D200029338 /* sectors.cpp in Sources */,
				21C6A1B926C6914F002C9EF8 /* floppy_linux.cpp in Sources */,
				21612F1D2AD6E94D004D2F1B /* bpbex.cpp in Sources */,
				21BD0E2728D4D64800826636 /* plugins.cpp in Sources */,
				211D4852257BD66400895CFE /* argument.cpp in Sources */,
				21B0AB40259F7F7C00B064A3 /* floppy.cpp in Sources */,
				21BD0E3728D4D69600826636 /* d88.cpp in Sources */,
				211D4845257BB31900895CFE /* program.cpp in Sources */,
				21DC2023257BA110004F3363 /* element.cpp in Sources */,
				2151DF46256989AC009FC0E0 /* file.cpp in Sources */,
				2174417828E80850007F39BF /* directory.cpp in Sources */,
				21DC2017257B5656004F3363 /* device.cpp in Sources */,
				21BD0E4028D4D6B300826636 /* raw.cpp in Sources */,
				219F7D4A255FC8B000827D5C /* config.cpp in Sources */,
				21ACB8E728C46EE000DFAEE6 /* format.cpp in Sources */,
				21641A81258E2C490062AD50 /* device_unix.cpp in Sources */,
				21BD0E3828D4D69600826636 /* d88_exporter.cpp in Sources */,
				215C210728D5572C00C21A1F /* loader.cpp in Sources */,
				21DC2020257B9EEA004F3363 /* dictionary.cpp in Sources */,
				21E15B08256A955A00029338 /* image.cpp in Sources */,
				21B0AB4925A0EE6F00B064A3 /* struct.cpp in Sources */,
				21BD0E4928D4D6D000826636 /* hfe.cpp in Sources */,
				215C210A28D5572C00C21A1F /* plugin.cpp in Sources */,
				215C210F28D55E8400C21A1F /* dos.cpp in Sources */,
				21BD0E2B28D4D64800826636 /* func.cpp in Sources */,
				21EADC8828DC8A4E002BF3B7 /* strings.cpp in Sources */,
				21BD0E4A28D4D6D000826636 /* hfe_loader.cpp in Sources */,
				214949022AE8092B002BBAA1 /* sector.cpp in Sources */,
				215C211C28D58DDC00C21A1F /* files.cpp in Sources */,
				2149FDBE2AE73FD200CA36E6 /* x68_img.cpp in Sources */,
				21B0AB4625A0ED1F00B064A3 /* density.cpp in Sources */,
				21641A84258EF8240062AD50 /* image.cpp in Sources */,
				217BF23D2AD5303E003FB649 /* func.cpp in Sources */,
				21BD0E3E28D4D6B300826636 /* raw_exporter.cpp in Sources */,
				2161939B26EB9841007FA97A /* log.cpp in Sources */,
				21403C0C255EFF060022389D /* file.cpp in Sources */,
				2149FDBA2AE73DD900CA36E6 /* hexdump_diff.cpp in Sources */,
				217BF2362AD5032A003FB649 /* fat.cpp in Sources */,
				21C2E0C7257299DF00305F1A /* error.cpp in Sources */,
				21BD0E2928D4D64800826636 /* plugin.cpp in Sources */,
			);
			runOnlyForDeploymentPostprocessing = 0;
		};
/* End PBXSourcesBuildPhase section */

/* Begin XCBuildConfiguration section */
		213AA82B255DB05700C00188 /* Debug */ = {
			isa = XCBuildConfiguration;
			buildSettings = {
				ALWAYS_SEARCH_USER_PATHS = NO;
				CLANG_ANALYZER_NONNULL = YES;
				CLANG_ANALYZER_NUMBER_OBJECT_CONVERSION = YES_AGGRESSIVE;
				CLANG_CXX_LANGUAGE_STANDARD = "gnu++14";
				CLANG_CXX_LIBRARY = "libc++";
				CLANG_ENABLE_MODULES = YES;
				CLANG_ENABLE_OBJC_ARC = YES;
				CLANG_ENABLE_OBJC_WEAK = YES;
				CLANG_WARN_BLOCK_CAPTURE_AUTORELEASING = YES;
				CLANG_WARN_BOOL_CONVERSION = YES;
				CLANG_WARN_COMMA = YES;
				CLANG_WARN_CONSTANT_CONVERSION = YES;
				CLANG_WARN_DEPRECATED_OBJC_IMPLEMENTATIONS = YES;
				CLANG_WARN_DIRECT_OBJC_ISA_USAGE = YES_ERROR;
				CLANG_WARN_DOCUMENTATION_COMMENTS = YES;
				CLANG_WARN_EMPTY_BODY = YES;
				CLANG_WARN_ENUM_CONVERSION = YES;
				CLANG_WARN_INFINITE_RECURSION = YES;
				CLANG_WARN_INT_CONVERSION = YES;
				CLANG_WARN_NON_LITERAL_NULL_CONVERSION = YES;
				CLANG_WARN_OBJC_IMPLICIT_RETAIN_SELF = YES;
				CLANG_WARN_OBJC_LITERAL_CONVERSION = YES;
				CLANG_WARN_OBJC_ROOT_CLASS = YES_ERROR;
				CLANG_WARN_QUOTED_INCLUDE_IN_FRAMEWORK_HEADER = YES;
				CLANG_WARN_RANGE_LOOP_ANALYSIS = YES;
				CLANG_WARN_STRICT_PROTOTYPES = YES;
				CLANG_WARN_SUSPICIOUS_MOVE = YES;
				CLANG_WARN_UNGUARDED_AVAILABILITY = YES_AGGRESSIVE;
				CLANG_WARN_UNREACHABLE_CODE = YES;
				CLANG_WARN__DUPLICATE_METHOD_MATCH = YES;
				COPY_PHASE_STRIP = NO;
				DEAD_CODE_STRIPPING = YES;
				DEBUG_INFORMATION_FORMAT = dwarf;
				ENABLE_STRICT_OBJC_MSGSEND = YES;
				ENABLE_TESTABILITY = YES;
				GCC_C_LANGUAGE_STANDARD = gnu11;
				GCC_DYNAMIC_NO_PIC = NO;
				GCC_NO_COMMON_BLOCKS = YES;
				GCC_OPTIMIZATION_LEVEL = 0;
				GCC_PREPROCESSOR_DEFINITIONS = (
					"DEBUG=1",
					"$(inherited)",
				);
				GCC_WARN_64_TO_32_BIT_CONVERSION = YES;
				GCC_WARN_ABOUT_RETURN_TYPE = YES_ERROR;
				GCC_WARN_UNDECLARED_SELECTOR = YES;
				GCC_WARN_UNINITIALIZED_AUTOS = YES_AGGRESSIVE;
				GCC_WARN_UNUSED_FUNCTION = YES;
				GCC_WARN_UNUSED_VARIABLE = YES;
				HEADER_SEARCH_PATHS = (
					/usr/local/include,
					../../../include,
					../../../src,
				);
				LIBRARY_SEARCH_PATHS = /usr/local/lib;
				MACOSX_DEPLOYMENT_TARGET = 10.15;
				MTL_ENABLE_DEBUG_INFO = INCLUDE_SOURCE;
				MTL_FAST_MATH = YES;
				ONLY_ACTIVE_ARCH = YES;
				SDKROOT = macosx;
			};
			name = Debug;
		};
		213AA82C255DB05700C00188 /* Release */ = {
			isa = XCBuildConfiguration;
			buildSettings = {
				ALWAYS_SEARCH_USER_PATHS = NO;
				CLANG_ANALYZER_NONNULL = YES;
				CLANG_ANALYZER_NUMBER_OBJECT_CONVERSION = YES_AGGRESSIVE;
				CLANG_CXX_LANGUAGE_STANDARD = "gnu++14";
				CLANG_CXX_LIBRARY = "libc++";
				CLANG_ENABLE_MODULES = YES;
				CLANG_ENABLE_OBJC_ARC = YES;
				CLANG_ENABLE_OBJC_WEAK = YES;
				CLANG_WARN_BLOCK_CAPTURE_AUTORELEASING = YES;
				CLANG_WARN_BOOL_CONVERSION = YES;
				CLANG_WARN_COMMA = YES;
				CLANG_WARN_CONSTANT_CONVERSION = YES;
				CLANG_WARN_DEPRECATED_OBJC_IMPLEMENTATIONS = YES;
				CLANG_WARN_DIRECT_OBJC_ISA_USAGE = YES_ERROR;
				CLANG_WARN_DOCUMENTATION_COMMENTS = YES;
				CLANG_WARN_EMPTY_BODY = YES;
				CLANG_WARN_ENUM_CONVERSION = YES;
				CLANG_WARN_INFINITE_RECURSION = YES;
				CLANG_WARN_INT_CONVERSION = YES;
				CLANG_WARN_NON_LITERAL_NULL_CONVERSION = YES;
				CLANG_WARN_OBJC_IMPLICIT_RETAIN_SELF = YES;
				CLANG_WARN_OBJC_LITERAL_CONVERSION = YES;
				CLANG_WARN_OBJC_ROOT_CLASS = YES_ERROR;
				CLANG_WARN_QUOTED_INCLUDE_IN_FRAMEWORK_HEADER = YES;
				CLANG_WARN_RANGE_LOOP_ANALYSIS = YES;
				CLANG_WARN_STRICT_PROTOTYPES = YES;
				CLANG_WARN_SUSPICIOUS_MOVE = YES;
				CLANG_WARN_UNGUARDED_AVAILABILITY = YES_AGGRESSIVE;
				CLANG_WARN_UNREACHABLE_CODE = YES;
				CLANG_WARN__DUPLICATE_METHOD_MATCH = YES;
				COPY_PHASE_STRIP = NO;
				DEAD_CODE_STRIPPING = YES;
				DEBUG_INFORMATION_FORMAT = "dwarf-with-dsym";
				ENABLE_NS_ASSERTIONS = NO;
				ENABLE_STRICT_OBJC_MSGSEND = YES;
				GCC_C_LANGUAGE_STANDARD = gnu11;
				GCC_NO_COMMON_BLOCKS = YES;
				GCC_WARN_64_TO_32_BIT_CONVERSION = YES;
				GCC_WARN_ABOUT_RETURN_TYPE = YES_ERROR;
				GCC_WARN_UNDECLARED_SELECTOR = YES;
				GCC_WARN_UNINITIALIZED_AUTOS = YES_AGGRESSIVE;
				GCC_WARN_UNUSED_FUNCTION = YES;
				GCC_WARN_UNUSED_VARIABLE = YES;
				HEADER_SEARCH_PATHS = (
					/usr/local/include,
					../../../include,
					../../../src,
				);
				LIBRARY_SEARCH_PATHS = /usr/local/lib;
				MACOSX_DEPLOYMENT_TARGET = 10.15;
				MTL_ENABLE_DEBUG_INFO = NO;
				MTL_FAST_MATH = YES;
				SDKROOT = macosx;
			};
			name = Release;
		};
		213AA82E255DB05700C00188 /* Debug */ = {
			isa = XCBuildConfiguration;
			buildSettings = {
				CODE_SIGN_STYLE = Automatic;
				DEAD_CODE_STRIPPING = YES;
				EXECUTABLE_PREFIX = "";
				PRODUCT_NAME = "$(TARGET_NAME)";
				SKIP_INSTALL = YES;
			};
			name = Debug;
		};
		213AA82F255DB05700C00188 /* Release */ = {
			isa = XCBuildConfiguration;
			buildSettings = {
				CODE_SIGN_STYLE = Automatic;
				DEAD_CODE_STRIPPING = YES;
				EXECUTABLE_PREFIX = "";
				PRODUCT_NAME = "$(TARGET_NAME)";
				SKIP_INSTALL = YES;
			};
			name = Release;
		};
/* End XCBuildConfiguration section */

/* Begin XCConfigurationList section */
		213AA824255DB05700C00188 /* Build configuration list for PBXProject "libfdtools" */ = {
			isa = XCConfigurationList;
			buildConfigurations = (
				213AA82B255DB05700C00188 /* Debug */,
				213AA82C255DB05700C00188 /* Release */,
			);
			defaultConfigurationIsVisible = 0;
			defaultConfigurationName = Release;
		};
		213AA82D255DB05700C00188 /* Build configuration list for PBXNativeTarget "libfdtools" */ = {
			isa = XCConfigurationList;
			buildConfigurations = (
				213AA82E255DB05700C00188 /* Debug */,
				213AA82F255DB05700C00188 /* Release */,
			);
			defaultConfigurationIsVisible = 0;
			defaultConfigurationName = Release;
		};
/* End XCConfigurationList section */
	};
	rootObject = 213AA821255DB05700C00188 /* Project object */;
}
