// !$*UTF8*$!
{
	archiveVersion = 1;
	classes = {
	};
	objectVersion = 50;
	objects = {

/* Begin PBXBuildFile section */
		211519B8255DA6DA00B747E1 /* main.cpp in Sources */ = {isa = PBXBuildFile; fileRef = 211519B7255DA6DA00B747E1 /* main.cpp */; };
		211D4842257BB28E00895CFE /* program_test.cpp in Sources */ = {isa = PBXBuildFile; fileRef = 211D4841257BB28E00895CFE /* program_test.cpp */; };
		213114AA259C38D100C3C8F6 /* config_test.cpp in Sources */ = {isa = PBXBuildFile; fileRef = 213114A9259C38D100C3C8F6 /* config_test.cpp */; };
		213114AD259C407400C3C8F6 /* sector_test.cpp in Sources */ = {isa = PBXBuildFile; fileRef = 213114AC259C407400C3C8F6 /* sector_test.cpp */; };
		213114B0259C5AEE00C3C8F6 /* image_test_func.cpp in Sources */ = {isa = PBXBuildFile; fileRef = 213114AF259C5AEE00C3C8F6 /* image_test_func.cpp */; };
		21403C09255EF3360022389D /* image_file_test.cpp in Sources */ = {isa = PBXBuildFile; fileRef = 21403C08255EF3360022389D /* image_file_test.cpp */; };
		21587B7F259798C800F98743 /* image_test.cpp in Sources */ = {isa = PBXBuildFile; fileRef = 21587B7E259798C800F98743 /* image_test.cpp */; };
		215C211728D5684600C21A1F /* format_plugin_test.cpp in Sources */ = {isa = PBXBuildFile; fileRef = 215C211628D5684600C21A1F /* format_plugin_test.cpp */; };
		2171E46926C5828C00781921 /* image_plugin_test.cpp in Sources */ = {isa = PBXBuildFile; fileRef = 2171E46726C5828C00781921 /* image_plugin_test.cpp */; };
		2171E46A26C5828C00781921 /* error_test.cpp in Sources */ = {isa = PBXBuildFile; fileRef = 2171E46826C5828C00781921 /* error_test.cpp */; };
		2171E46C26C5839300781921 /* device_floppy_params_test.cpp in Sources */ = {isa = PBXBuildFile; fileRef = 2171E46B26C5839300781921 /* device_floppy_params_test.cpp */; };
		219F7D4E255FD26600827D5C /* image_hfe_test.cpp in Sources */ = {isa = PBXBuildFile; fileRef = 219F7D4D255FD26600827D5C /* image_hfe_test.cpp */; };
		219F7D522568F68700827D5C /* image_d88_test.cpp in Sources */ = {isa = PBXBuildFile; fileRef = 219F7D512568F68700827D5C /* image_d88_test.cpp */; };
		21AB318C2577F1ED00AD5066 /* logic_test.cpp in Sources */ = {isa = PBXBuildFile; fileRef = 21AB318B2577F1ED00AD5066 /* logic_test.cpp */; };
		21ACB8E928C46F3F00DFAEE6 /* format_test.cpp in Sources */ = {isa = PBXBuildFile; fileRef = 21ACB8E828C46F3F00DFAEE6 /* format_test.cpp */; };
		21B0911C2585D14C00036CC5 /* string_test.cpp in Sources */ = {isa = PBXBuildFile; fileRef = 21B0911B2585D14C00036CC5 /* string_test.cpp */; };
		21B0AB36259EFD6800B064A3 /* list_test.cpp in Sources */ = {isa = PBXBuildFile; fileRef = 21B0AB35259EFD6800B064A3 /* list_test.cpp */; };
		21B0AB39259F607D00B064A3 /* device_floppy_test.cpp in Sources */ = {isa = PBXBuildFile; fileRef = 21B0AB38259F607D00B064A3 /* device_floppy_test.cpp */; };
		21B2526B255DB1E500094B1D /* libfdtools.a in Frameworks */ = {isa = PBXBuildFile; fileRef = 21B25266255DB1CD00094B1D /* libfdtools.a */; };
		21DC201D257B6B81004F3363 /* device_test.cpp in Sources */ = {isa = PBXBuildFile; fileRef = 21DC201C257B6B81004F3363 /* device_test.cpp */; };
		21DC2026257BA4A1004F3363 /* dictionary_test.cpp in Sources */ = {isa = PBXBuildFile; fileRef = 21DC2025257BA4A1004F3363 /* dictionary_test.cpp */; };
/* End PBXBuildFile section */

/* Begin PBXContainerItemProxy section */
		21B25265255DB1CD00094B1D /* PBXContainerItemProxy */ = {
			isa = PBXContainerItemProxy;
			containerPortal = 21B25261255DB1CD00094B1D /* libfdtools.xcodeproj */;
			proxyType = 2;
			remoteGlobalIDString = 213AA829255DB05700C00188;
			remoteInfo = libfdtools;
		};
		21B25269255DB1E100094B1D /* PBXContainerItemProxy */ = {
			isa = PBXContainerItemProxy;
			containerPortal = 21B25261255DB1CD00094B1D /* libfdtools.xcodeproj */;
			proxyType = 1;
			remoteGlobalIDString = 213AA828255DB05700C00188;
			remoteInfo = libfdtools;
		};
/* End PBXContainerItemProxy section */

/* Begin PBXCopyFilesBuildPhase section */
		216FD0D4255D9F71005C01F4 /* CopyFiles */ = {
			isa = PBXCopyFilesBuildPhase;
			buildActionMask = 2147483647;
			dstPath = /usr/share/man/man1/;
			dstSubfolderSpec = 0;
			files = (
			);
			runOnlyForDeploymentPostprocessing = 1;
		};
/* End PBXCopyFilesBuildPhase section */

/* Begin PBXFileReference section */
		211519B7255DA6DA00B747E1 /* main.cpp */ = {isa = PBXFileReference; fileEncoding = 4; lastKnownFileType = sourcecode.cpp.cpp; name = main.cpp; path = ../../main.cpp; sourceTree = "<group>"; };
		211D4841257BB28E00895CFE /* program_test.cpp */ = {isa = PBXFileReference; fileEncoding = 4; lastKnownFileType = sourcecode.cpp.cpp; name = program_test.cpp; path = ../../program_test.cpp; sourceTree = "<group>"; };
		2131149D259B6F3A00C3C8F6 /* image_test.h */ = {isa = PBXFileReference; lastKnownFileType = sourcecode.c.h; name = image_test.h; path = ../../image_test.h; sourceTree = "<group>"; };
		213114A9259C38D100C3C8F6 /* config_test.cpp */ = {isa = PBXFileReference; fileEncoding = 4; lastKnownFileType = sourcecode.cpp.cpp; name = config_test.cpp; path = ../../config_test.cpp; sourceTree = "<group>"; };
		213114AC259C407400C3C8F6 /* sector_test.cpp */ = {isa = PBXFileReference; fileEncoding = 4; lastKnownFileType = sourcecode.cpp.cpp; name = sector_test.cpp; path = ../../sector_test.cpp; sourceTree = "<group>"; };
		213114AF259C5AEE00C3C8F6 /* image_test_func.cpp */ = {isa = PBXFileReference; fileEncoding = 4; lastKnownFileType = sourcecode.cpp.cpp; name = image_test_func.cpp; path = ../../image_test_func.cpp; sourceTree = "<group>"; };
		21403C08255EF3360022389D /* image_file_test.cpp */ = {isa = PBXFileReference; fileEncoding = 4; lastKnownFileType = sourcecode.cpp.cpp; name = image_file_test.cpp; path = ../../image_file_test.cpp; sourceTree = "<group>"; };
		21587B7E259798C800F98743 /* image_test.cpp */ = {isa = PBXFileReference; fileEncoding = 4; lastKnownFileType = sourcecode.cpp.cpp; name = image_test.cpp; path = ../../image_test.cpp; sourceTree = "<group>"; };
		215C211628D5684600C21A1F /* format_plugin_test.cpp */ = {isa = PBXFileReference; fileEncoding = 4; lastKnownFileType = sourcecode.cpp.cpp; name = format_plugin_test.cpp; path = ../../format_plugin_test.cpp; sourceTree = "<group>"; };
		216FD0D6255D9F71005C01F4 /* fdtoolstest */ = {isa = PBXFileReference; explicitFileType = "compiled.mach-o.executable"; includeInIndex = 0; path = fdtoolstest; sourceTree = BUILT_PRODUCTS_DIR; };
		2171E46726C5828C00781921 /* image_plugin_test.cpp */ = {isa = PBXFileReference; fileEncoding = 4; lastKnownFileType = sourcecode.cpp.cpp; name = image_plugin_test.cpp; path = ../../image_plugin_test.cpp; sourceTree = "<group>"; };
		2171E46826C5828C00781921 /* error_test.cpp */ = {isa = PBXFileReference; fileEncoding = 4; lastKnownFileType = sourcecode.cpp.cpp; name = error_test.cpp; path = ../../error_test.cpp; sourceTree = "<group>"; };
		2171E46B26C5839300781921 /* device_floppy_params_test.cpp */ = {isa = PBXFileReference; fileEncoding = 4; lastKnownFileType = sourcecode.cpp.cpp; name = device_floppy_params_test.cpp; path = ../../device_floppy_params_test.cpp; sourceTree = "<group>"; };
		219F7D4D255FD26600827D5C /* image_hfe_test.cpp */ = {isa = PBXFileReference; fileEncoding = 4; lastKnownFileType = sourcecode.cpp.cpp; name = image_hfe_test.cpp; path = ../../image_hfe_test.cpp; sourceTree = "<group>"; };
		219F7D512568F68700827D5C /* image_d88_test.cpp */ = {isa = PBXFileReference; fileEncoding = 4; lastKnownFileType = sourcecode.cpp.cpp; name = image_d88_test.cpp; path = ../../image_d88_test.cpp; sourceTree = "<group>"; };
		21AB318B2577F1ED00AD5066 /* logic_test.cpp */ = {isa = PBXFileReference; fileEncoding = 4; lastKnownFileType = sourcecode.cpp.cpp; name = logic_test.cpp; path = ../../logic_test.cpp; sourceTree = "<group>"; };
		21ACB8E828C46F3F00DFAEE6 /* format_test.cpp */ = {isa = PBXFileReference; fileEncoding = 4; lastKnownFileType = sourcecode.cpp.cpp; name = format_test.cpp; path = ../../format_test.cpp; sourceTree = "<group>"; };
		21B0911B2585D14C00036CC5 /* string_test.cpp */ = {isa = PBXFileReference; fileEncoding = 4; lastKnownFileType = sourcecode.cpp.cpp; name = string_test.cpp; path = ../../string_test.cpp; sourceTree = "<group>"; };
		21B0AB35259EFD6800B064A3 /* list_test.cpp */ = {isa = PBXFileReference; fileEncoding = 4; lastKnownFileType = sourcecode.cpp.cpp; name = list_test.cpp; path = ../../list_test.cpp; sourceTree = "<group>"; };
		21B0AB38259F607D00B064A3 /* device_floppy_test.cpp */ = {isa = PBXFileReference; fileEncoding = 4; lastKnownFileType = sourcecode.cpp.cpp; name = device_floppy_test.cpp; path = ../../device_floppy_test.cpp; sourceTree = "<group>"; };
		21B25261255DB1CD00094B1D /* libfdtools.xcodeproj */ = {isa = PBXFileReference; lastKnownFileType = "wrapper.pb-project"; name = libfdtools.xcodeproj; path = ../../../lib/macosx/xcode/libfdtools.xcodeproj; sourceTree = "<group>"; };
		21DC201C257B6B81004F3363 /* device_test.cpp */ = {isa = PBXFileReference; fileEncoding = 4; lastKnownFileType = sourcecode.cpp.cpp; name = device_test.cpp; path = ../../device_test.cpp; sourceTree = "<group>"; };
		21DC2025257BA4A1004F3363 /* dictionary_test.cpp */ = {isa = PBXFileReference; fileEncoding = 4; lastKnownFileType = sourcecode.cpp.cpp; name = dictionary_test.cpp; path = ../../dictionary_test.cpp; sourceTree = "<group>"; };
/* End PBXFileReference section */

/* Begin PBXFrameworksBuildPhase section */
		216FD0D3255D9F71005C01F4 /* Frameworks */ = {
			isa = PBXFrameworksBuildPhase;
			buildActionMask = 2147483647;
			files = (
				21B2526B255DB1E500094B1D /* libfdtools.a in Frameworks */,
			);
			runOnlyForDeploymentPostprocessing = 0;
		};
/* End PBXFrameworksBuildPhase section */

/* Begin PBXGroup section */
		211519B5255DA6C200B747E1 /* Sources */ = {
			isa = PBXGroup;
			children = (
				215C211628D5684600C21A1F /* format_plugin_test.cpp */,
				21ACB8E828C46F3F00DFAEE6 /* format_test.cpp */,
				213114A9259C38D100C3C8F6 /* config_test.cpp */,
				2171E46B26C5839300781921 /* device_floppy_params_test.cpp */,
				21B0AB38259F607D00B064A3 /* device_floppy_test.cpp */,
				21DC201C257B6B81004F3363 /* device_test.cpp */,
				21DC2025257BA4A1004F3363 /* dictionary_test.cpp */,
				2171E46826C5828C00781921 /* error_test.cpp */,
				219F7D512568F68700827D5C /* image_d88_test.cpp */,
				21403C08255EF3360022389D /* image_file_test.cpp */,
				219F7D4D255FD26600827D5C /* image_hfe_test.cpp */,
				2171E46726C5828C00781921 /* image_plugin_test.cpp */,
				213114AF259C5AEE00C3C8F6 /* image_test_func.cpp */,
				21587B7E259798C800F98743 /* image_test.cpp */,
				2131149D259B6F3A00C3C8F6 /* image_test.h */,
				21B0AB35259EFD6800B064A3 /* list_test.cpp */,
				21AB318B2577F1ED00AD5066 /* logic_test.cpp */,
				211519B7255DA6DA00B747E1 /* main.cpp */,
				211D4841257BB28E00895CFE /* program_test.cpp */,
				213114AC259C407400C3C8F6 /* sector_test.cpp */,
				21B0911B2585D14C00036CC5 /* string_test.cpp */,
			);
			name = Sources;
			sourceTree = "<group>";
		};
		216FD0CD255D9F71005C01F4 = {
			isa = PBXGroup;
			children = (
				211519B5255DA6C200B747E1 /* Sources */,
				216FD0ED255DA4E6005C01F4 /* Libraries */,
				216FD0D7255D9F71005C01F4 /* Products */,
				216FD0F9255DA5D8005C01F4 /* Frameworks */,
			);
			indentWidth = 2;
			sourceTree = "<group>";
			tabWidth = 2;
		};
		216FD0D7255D9F71005C01F4 /* Products */ = {
			isa = PBXGroup;
			children = (
				216FD0D6255D9F71005C01F4 /* fdtoolstest */,
			);
			name = Products;
			sourceTree = "<group>";
		};
		216FD0ED255DA4E6005C01F4 /* Libraries */ = {
			isa = PBXGroup;
			children = (
				21B25261255DB1CD00094B1D /* libfdtools.xcodeproj */,
			);
			name = Libraries;
			sourceTree = "<group>";
		};
		216FD0F9255DA5D8005C01F4 /* Frameworks */ = {
			isa = PBXGroup;
			children = (
			);
			name = Frameworks;
			sourceTree = "<group>";
		};
		21B25262255DB1CD00094B1D /* Products */ = {
			isa = PBXGroup;
			children = (
				21B25266255DB1CD00094B1D /* libfdtools.a */,
			);
			name = Products;
			sourceTree = "<group>";
		};
/* End PBXGroup section */

/* Begin PBXNativeTarget section */
		216FD0D5255D9F71005C01F4 /* fdtoolstest */ = {
			isa = PBXNativeTarget;
			buildConfigurationList = 216FD0DD255D9F71005C01F4 /* Build configuration list for PBXNativeTarget "fdtoolstest" */;
			buildPhases = (
				216FD0D2255D9F71005C01F4 /* Sources */,
				216FD0D3255D9F71005C01F4 /* Frameworks */,
				216FD0D4255D9F71005C01F4 /* CopyFiles */,
			);
			buildRules = (
			);
			dependencies = (
				21B2526A255DB1E100094B1D /* PBXTargetDependency */,
			);
			name = fdtoolstest;
			productName = fdtoolstest;
			productReference = 216FD0D6255D9F71005C01F4 /* fdtoolstest */;
			productType = "com.apple.product-type.tool";
		};
/* End PBXNativeTarget section */

/* Begin PBXProject section */
		216FD0CE255D9F71005C01F4 /* Project object */ = {
			isa = PBXProject;
			attributes = {
				LastUpgradeCheck = 1220;
				TargetAttributes = {
					216FD0D5255D9F71005C01F4 = {
						CreatedOnToolsVersion = 12.1;
					};
				};
			};
			buildConfigurationList = 216FD0D1255D9F71005C01F4 /* Build configuration list for PBXProject "fdtoolstest" */;
			compatibilityVersion = "Xcode 9.3";
			developmentRegion = en;
			hasScannedForEncodings = 0;
			knownRegions = (
				en,
				Base,
			);
			mainGroup = 216FD0CD255D9F71005C01F4;
			productRefGroup = 216FD0D7255D9F71005C01F4 /* Products */;
			projectDirPath = "";
			projectReferences = (
				{
					ProductGroup = 21B25262255DB1CD00094B1D /* Products */;
					ProjectRef = 21B25261255DB1CD00094B1D /* libfdtools.xcodeproj */;
				},
			);
			projectRoot = "";
			targets = (
				216FD0D5255D9F71005C01F4 /* fdtoolstest */,
			);
		};
/* End PBXProject section */

/* Begin PBXReferenceProxy section */
		21B25266255DB1CD00094B1D /* libfdtools.a */ = {
			isa = PBXReferenceProxy;
			fileType = archive.ar;
			path = libfdtools.a;
			remoteRef = 21B25265255DB1CD00094B1D /* PBXContainerItemProxy */;
			sourceTree = BUILT_PRODUCTS_DIR;
		};
/* End PBXReferenceProxy section */

/* Begin PBXSourcesBuildPhase section */
		216FD0D2255D9F71005C01F4 /* Sources */ = {
			isa = PBXSourcesBuildPhase;
			buildActionMask = 2147483647;
			files = (
				211D4842257BB28E00895CFE /* program_test.cpp in Sources */,
				215C211728D5684600C21A1F /* format_plugin_test.cpp in Sources */,
				219F7D522568F68700827D5C /* image_d88_test.cpp in Sources */,
				219F7D4E255FD26600827D5C /* image_hfe_test.cpp in Sources */,
				211519B8255DA6DA00B747E1 /* main.cpp in Sources */,
				21B0911C2585D14C00036CC5 /* string_test.cpp in Sources */,
				21B0AB36259EFD6800B064A3 /* list_test.cpp in Sources */,
				2171E46A26C5828C00781921 /* error_test.cpp in Sources */,
				2171E46926C5828C00781921 /* image_plugin_test.cpp in Sources */,
				213114AA259C38D100C3C8F6 /* config_test.cpp in Sources */,
				21587B7F259798C800F98743 /* image_test.cpp in Sources */,
				213114AD259C407400C3C8F6 /* sector_test.cpp in Sources */,
				21DC2026257BA4A1004F3363 /* dictionary_test.cpp in Sources */,
				21B0AB39259F607D00B064A3 /* device_floppy_test.cpp in Sources */,
				21AB318C2577F1ED00AD5066 /* logic_test.cpp in Sources */,
				21ACB8E928C46F3F00DFAEE6 /* format_test.cpp in Sources */,
				213114B0259C5AEE00C3C8F6 /* image_test_func.cpp in Sources */,
				21403C09255EF3360022389D /* image_file_test.cpp in Sources */,
				21DC201D257B6B81004F3363 /* device_test.cpp in Sources */,
				2171E46C26C5839300781921 /* device_floppy_params_test.cpp in Sources */,
			);
			runOnlyForDeploymentPostprocessing = 0;
		};
/* End PBXSourcesBuildPhase section */

/* Begin PBXTargetDependency section */
		21B2526A255DB1E100094B1D /* PBXTargetDependency */ = {
			isa = PBXTargetDependency;
			name = libfdtools;
			targetProxy = 21B25269255DB1E100094B1D /* PBXContainerItemProxy */;
		};
/* End PBXTargetDependency section */

/* Begin XCBuildConfiguration section */
		216FD0DB255D9F71005C01F4 /* Debug */ = {
			isa = XCBuildConfiguration;
			buildSettings = {
				ALWAYS_SEARCH_USER_PATHS = NO;
				CLANG_ANALYZER_NONNULL = YES;
				CLANG_ANALYZER_NUMBER_OBJECT_CONVERSION = YES_AGGRESSIVE;
				CLANG_CXX_LANGUAGE_STANDARD = "gnu++14";
				CLANG_CXX_LIBRARY = "libc++";
				CLANG_ENABLE_MODULES = YES;
				CLANG_ENABLE_OBJC_ARC = YES;
				CLANG_ENABLE_OBJC_WEAK = YES;
				CLANG_WARN_BLOCK_CAPTURE_AUTORELEASING = YES;
				CLANG_WARN_BOOL_CONVERSION = YES;
				CLANG_WARN_COMMA = YES;
				CLANG_WARN_CONSTANT_CONVERSION = YES;
				CLANG_WARN_DEPRECATED_OBJC_IMPLEMENTATIONS = YES;
				CLANG_WARN_DIRECT_OBJC_ISA_USAGE = YES_ERROR;
				CLANG_WARN_DOCUMENTATION_COMMENTS = YES;
				CLANG_WARN_EMPTY_BODY = YES;
				CLANG_WARN_ENUM_CONVERSION = YES;
				CLANG_WARN_INFINITE_RECURSION = YES;
				CLANG_WARN_INT_CONVERSION = YES;
				CLANG_WARN_NON_LITERAL_NULL_CONVERSION = YES;
				CLANG_WARN_OBJC_IMPLICIT_RETAIN_SELF = YES;
				CLANG_WARN_OBJC_LITERAL_CONVERSION = YES;
				CLANG_WARN_OBJC_ROOT_CLASS = YES_ERROR;
				CLANG_WARN_QUOTED_INCLUDE_IN_FRAMEWORK_HEADER = YES;
				CLANG_WARN_RANGE_LOOP_ANALYSIS = YES;
				CLANG_WARN_STRICT_PROTOTYPES = YES;
				CLANG_WARN_SUSPICIOUS_MOVE = YES;
				CLANG_WARN_UNGUARDED_AVAILABILITY = YES_AGGRESSIVE;
				CLANG_WARN_UNREACHABLE_CODE = YES;
				CLANG_WARN__DUPLICATE_METHOD_MATCH = YES;
				COPY_PHASE_STRIP = NO;
				DEBUG_INFORMATION_FORMAT = dwarf;
				ENABLE_STRICT_OBJC_MSGSEND = YES;
				ENABLE_TESTABILITY = YES;
				GCC_C_LANGUAGE_STANDARD = gnu11;
				GCC_DYNAMIC_NO_PIC = NO;
				GCC_NO_COMMON_BLOCKS = YES;
				GCC_OPTIMIZATION_LEVEL = 0;
				GCC_PREPROCESSOR_DEFINITIONS = (
					"DEBUG=1",
					"$(inherited)",
				);
				GCC_WARN_64_TO_32_BIT_CONVERSION = YES;
				GCC_WARN_ABOUT_RETURN_TYPE = YES_ERROR;
				GCC_WARN_UNDECLARED_SELECTOR = YES;
				GCC_WARN_UNINITIALIZED_AUTOS = YES_AGGRESSIVE;
				GCC_WARN_UNUSED_FUNCTION = YES;
				GCC_WARN_UNUSED_VARIABLE = YES;
				HEADER_SEARCH_PATHS = (
					/usr/local/include,
					../../../include,
					../../../src,
				);
				LIBRARY_SEARCH_PATHS = /usr/local/lib;
				MACOSX_DEPLOYMENT_TARGET = 10.15;
				MTL_ENABLE_DEBUG_INFO = INCLUDE_SOURCE;
				MTL_FAST_MATH = YES;
				ONLY_ACTIVE_ARCH = YES;
				OTHER_LDFLAGS = (
					"-lboost_unit_test_framework-mt",
					"-lboost_filesystem-mt",
				);
				OTHER_LIBTOOLFLAGS = "";
				SDKROOT = macosx;
			};
			name = Debug;
		};
		216FD0DC255D9F71005C01F4 /* Release */ = {
			isa = XCBuildConfiguration;
			buildSettings = {
				ALWAYS_SEARCH_USER_PATHS = NO;
				CLANG_ANALYZER_NONNULL = YES;
				CLANG_ANALYZER_NUMBER_OBJECT_CONVERSION = YES_AGGRESSIVE;
				CLANG_CXX_LANGUAGE_STANDARD = "gnu++14";
				CLANG_CXX_LIBRARY = "libc++";
				CLANG_ENABLE_MODULES = YES;
				CLANG_ENABLE_OBJC_ARC = YES;
				CLANG_ENABLE_OBJC_WEAK = YES;
				CLANG_WARN_BLOCK_CAPTURE_AUTORELEASING = YES;
				CLANG_WARN_BOOL_CONVERSION = YES;
				CLANG_WARN_COMMA = YES;
				CLANG_WARN_CONSTANT_CONVERSION = YES;
				CLANG_WARN_DEPRECATED_OBJC_IMPLEMENTATIONS = YES;
				CLANG_WARN_DIRECT_OBJC_ISA_USAGE = YES_ERROR;
				CLANG_WARN_DOCUMENTATION_COMMENTS = YES;
				CLANG_WARN_EMPTY_BODY = YES;
				CLANG_WARN_ENUM_CONVERSION = YES;
				CLANG_WARN_INFINITE_RECURSION = YES;
				CLANG_WARN_INT_CONVERSION = YES;
				CLANG_WARN_NON_LITERAL_NULL_CONVERSION = YES;
				CLANG_WARN_OBJC_IMPLICIT_RETAIN_SELF = YES;
				CLANG_WARN_OBJC_LITERAL_CONVERSION = YES;
				CLANG_WARN_OBJC_ROOT_CLASS = YES_ERROR;
				CLANG_WARN_QUOTED_INCLUDE_IN_FRAMEWORK_HEADER = YES;
				CLANG_WARN_RANGE_LOOP_ANALYSIS = YES;
				CLANG_WARN_STRICT_PROTOTYPES = YES;
				CLANG_WARN_SUSPICIOUS_MOVE = YES;
				CLANG_WARN_UNGUARDED_AVAILABILITY = YES_AGGRESSIVE;
				CLANG_WARN_UNREACHABLE_CODE = YES;
				CLANG_WARN__DUPLICATE_METHOD_MATCH = YES;
				COPY_PHASE_STRIP = NO;
				DEBUG_INFORMATION_FORMAT = "dwarf-with-dsym";
				ENABLE_NS_ASSERTIONS = NO;
				ENABLE_STRICT_OBJC_MSGSEND = YES;
				GCC_C_LANGUAGE_STANDARD = gnu11;
				GCC_NO_COMMON_BLOCKS = YES;
				GCC_WARN_64_TO_32_BIT_CONVERSION = YES;
				GCC_WARN_ABOUT_RETURN_TYPE = YES_ERROR;
				GCC_WARN_UNDECLARED_SELECTOR = YES;
				GCC_WARN_UNINITIALIZED_AUTOS = YES_AGGRESSIVE;
				GCC_WARN_UNUSED_FUNCTION = YES;
				GCC_WARN_UNUSED_VARIABLE = YES;
				HEADER_SEARCH_PATHS = (
					/usr/local/include,
					../../../include,
					../../../src,
				);
				LIBRARY_SEARCH_PATHS = /usr/local/lib;
				MACOSX_DEPLOYMENT_TARGET = 10.15;
				MTL_ENABLE_DEBUG_INFO = NO;
				MTL_FAST_MATH = YES;
				OTHER_LDFLAGS = (
					"-lboost_unit_test_framework-mt",
					"-lboost_filesystem-mt",
				);
				OTHER_LIBTOOLFLAGS = "";
				SDKROOT = macosx;
			};
			name = Release;
		};
		216FD0DE255D9F71005C01F4 /* Debug */ = {
			isa = XCBuildConfiguration;
			buildSettings = {
				CODE_SIGN_IDENTITY = "-";
				CODE_SIGN_STYLE = Automatic;
				PRODUCT_NAME = "$(TARGET_NAME)";
			};
			name = Debug;
		};
		216FD0DF255D9F71005C01F4 /* Release */ = {
			isa = XCBuildConfiguration;
			buildSettings = {
				CODE_SIGN_IDENTITY = "-";
				CODE_SIGN_STYLE = Automatic;
				PRODUCT_NAME = "$(TARGET_NAME)";
			};
			name = Release;
		};
/* End XCBuildConfiguration section */

/* Begin XCConfigurationList section */
		216FD0D1255D9F71005C01F4 /* Build configuration list for PBXProject "fdtoolstest" */ = {
			isa = XCConfigurationList;
			buildConfigurations = (
				216FD0DB255D9F71005C01F4 /* Debug */,
				216FD0DC255D9F71005C01F4 /* Release */,
			);
			defaultConfigurationIsVisible = 0;
			defaultConfigurationName = Release;
		};
		216FD0DD255D9F71005C01F4 /* Build configuration list for PBXNativeTarget "fdtoolstest" */ = {
			isa = XCConfigurationList;
			buildConfigurations = (
				216FD0DE255D9F71005C01F4 /* Debug */,
				216FD0DF255D9F71005C01F4 /* Release */,
			);
			defaultConfigurationIsVisible = 0;
			defaultConfigurationName = Release;
		};
/* End XCConfigurationList section */
	};
	rootObject = 216FD0CE255D9F71005C01F4 /* Project object */;
}
